// !$*UTF8*$!
{
	archiveVersion = 1;
	classes = {
	};
	objectVersion = 48;
	objects = {

/* Begin PBXBuildFile section */
		092204851FF65B6E002EF10E /* AppDelegate.m in Sources */ = {isa = PBXBuildFile; fileRef = 092204841FF65B6E002EF10E /* AppDelegate.m */; };
		092204881FF65B6E002EF10E /* ViewController.m in Sources */ = {isa = PBXBuildFile; fileRef = 092204871FF65B6E002EF10E /* ViewController.m */; };
		0922048B1FF65B6E002EF10E /* Main.storyboard in Resources */ = {isa = PBXBuildFile; fileRef = 092204891FF65B6E002EF10E /* Main.storyboard */; };
		0922048D1FF65B6E002EF10E /* Assets.xcassets in Resources */ = {isa = PBXBuildFile; fileRef = 0922048C1FF65B6E002EF10E /* Assets.xcassets */; };
		092204901FF65B6E002EF10E /* LaunchScreen.storyboard in Resources */ = {isa = PBXBuildFile; fileRef = 0922048E1FF65B6E002EF10E /* LaunchScreen.storyboard */; };
		092204931FF65B6E002EF10E /* main.m in Sources */ = {isa = PBXBuildFile; fileRef = 092204921FF65B6E002EF10E /* main.m */; };
		0922049D1FF65B6E002EF10E /* webDemoTests.m in Sources */ = {isa = PBXBuildFile; fileRef = 0922049C1FF65B6E002EF10E /* webDemoTests.m */; };
		092204A81FF65B6E002EF10E /* webDemoUITests.m in Sources */ = {isa = PBXBuildFile; fileRef = 092204A71FF65B6E002EF10E /* webDemoUITests.m */; };
		90864F371FF68AB800DF7012 /* debug3 in Resources */ = {isa = PBXBuildFile; fileRef = 90864F361FF68AB700DF7012 /* debug3 */; };
		90864F391FF698A100DF7012 /* HelloWorld_new in Resources */ = {isa = PBXBuildFile; fileRef = 90864F381FF698A100DF7012 /* HelloWorld_new */; };
/* End PBXBuildFile section */

/* Begin PBXContainerItemProxy section */
		092204991FF65B6E002EF10E /* PBXContainerItemProxy */ = {
			isa = PBXContainerItemProxy;
			containerPortal = 092204781FF65B6E002EF10E /* Project object */;
			proxyType = 1;
			remoteGlobalIDString = 0922047F1FF65B6E002EF10E;
			remoteInfo = webDemo;
		};
		092204A41FF65B6E002EF10E /* PBXContainerItemProxy */ = {
			isa = PBXContainerItemProxy;
			containerPortal = 092204781FF65B6E002EF10E /* Project object */;
			proxyType = 1;
			remoteGlobalIDString = 0922047F1FF65B6E002EF10E;
			remoteInfo = webDemo;
		};
/* End PBXContainerItemProxy section */

/* Begin PBXFileReference section */
		092204801FF65B6E002EF10E /* webDemo.app */ = {isa = PBXFileReference; explicitFileType = wrapper.application; includeInIndex = 0; path = webDemo.app; sourceTree = BUILT_PRODUCTS_DIR; };
		092204831FF65B6E002EF10E /* AppDelegate.h */ = {isa = PBXFileReference; lastKnownFileType = sourcecode.c.h; path = AppDelegate.h; sourceTree = "<group>"; };
		092204841FF65B6E002EF10E /* AppDelegate.m */ = {isa = PBXFileReference; lastKnownFileType = sourcecode.c.objc; path = AppDelegate.m; sourceTree = "<group>"; };
		092204861FF65B6E002EF10E /* ViewController.h */ = {isa = PBXFileReference; lastKnownFileType = sourcecode.c.h; path = ViewController.h; sourceTree = "<group>"; };
		092204871FF65B6E002EF10E /* ViewController.m */ = {isa = PBXFileReference; lastKnownFileType = sourcecode.c.objc; path = ViewController.m; sourceTree = "<group>"; };
		0922048A1FF65B6E002EF10E /* Base */ = {isa = PBXFileReference; lastKnownFileType = file.storyboard; name = Base; path = Base.lproj/Main.storyboard; sourceTree = "<group>"; };
		0922048C1FF65B6E002EF10E /* Assets.xcassets */ = {isa = PBXFileReference; lastKnownFileType = folder.assetcatalog; path = Assets.xcassets; sourceTree = "<group>"; };
		0922048F1FF65B6E002EF10E /* Base */ = {isa = PBXFileReference; lastKnownFileType = file.storyboard; name = Base; path = Base.lproj/LaunchScreen.storyboard; sourceTree = "<group>"; };
		092204911FF65B6E002EF10E /* Info.plist */ = {isa = PBXFileReference; lastKnownFileType = text.plist.xml; path = Info.plist; sourceTree = "<group>"; };
		092204921FF65B6E002EF10E /* main.m */ = {isa = PBXFileReference; lastKnownFileType = sourcecode.c.objc; path = main.m; sourceTree = "<group>"; };
		092204981FF65B6E002EF10E /* webDemoTests.xctest */ = {isa = PBXFileReference; explicitFileType = wrapper.cfbundle; includeInIndex = 0; path = webDemoTests.xctest; sourceTree = BUILT_PRODUCTS_DIR; };
		0922049C1FF65B6E002EF10E /* webDemoTests.m */ = {isa = PBXFileReference; lastKnownFileType = sourcecode.c.objc; path = webDemoTests.m; sourceTree = "<group>"; };
		0922049E1FF65B6E002EF10E /* Info.plist */ = {isa = PBXFileReference; lastKnownFileType = text.plist.xml; path = Info.plist; sourceTree = "<group>"; };
		092204A31FF65B6E002EF10E /* webDemoUITests.xctest */ = {isa = PBXFileReference; explicitFileType = wrapper.cfbundle; includeInIndex = 0; path = webDemoUITests.xctest; sourceTree = BUILT_PRODUCTS_DIR; };
		092204A71FF65B6E002EF10E /* webDemoUITests.m */ = {isa = PBXFileReference; lastKnownFileType = sourcecode.c.objc; path = webDemoUITests.m; sourceTree = "<group>"; };
		092204A91FF65B6E002EF10E /* Info.plist */ = {isa = PBXFileReference; lastKnownFileType = text.plist.xml; path = Info.plist; sourceTree = "<group>"; };
		90864F361FF68AB700DF7012 /* debug3 */ = {isa = PBXFileReference; lastKnownFileType = folder; path = debug3; sourceTree = "<group>"; };
		90864F381FF698A100DF7012 /* HelloWorld_new */ = {isa = PBXFileReference; lastKnownFileType = folder; path = HelloWorld_new; sourceTree = "<group>"; };
/* End PBXFileReference section */

/* Begin PBXFrameworksBuildPhase section */
		0922047D1FF65B6E002EF10E /* Frameworks */ = {
			isa = PBXFrameworksBuildPhase;
			buildActionMask = 2147483647;
			files = (
			);
			runOnlyForDeploymentPostprocessing = 0;
		};
		092204951FF65B6E002EF10E /* Frameworks */ = {
			isa = PBXFrameworksBuildPhase;
			buildActionMask = 2147483647;
			files = (
			);
			runOnlyForDeploymentPostprocessing = 0;
		};
		092204A01FF65B6E002EF10E /* Frameworks */ = {
			isa = PBXFrameworksBuildPhase;
			buildActionMask = 2147483647;
			files = (
			);
			runOnlyForDeploymentPostprocessing = 0;
		};
/* End PBXFrameworksBuildPhase section */

/* Begin PBXGroup section */
		092204771FF65B6E002EF10E = {
			isa = PBXGroup;
			children = (
				092204821FF65B6E002EF10E /* webDemo */,
				0922049B1FF65B6E002EF10E /* webDemoTests */,
				092204A61FF65B6E002EF10E /* webDemoUITests */,
				092204811FF65B6E002EF10E /* Products */,
			);
			sourceTree = "<group>";
		};
		092204811FF65B6E002EF10E /* Products */ = {
			isa = PBXGroup;
			children = (
				092204801FF65B6E002EF10E /* webDemo.app */,
				092204981FF65B6E002EF10E /* webDemoTests.xctest */,
				092204A31FF65B6E002EF10E /* webDemoUITests.xctest */,
			);
			name = Products;
			sourceTree = "<group>";
		};
		092204821FF65B6E002EF10E /* webDemo */ = {
			isa = PBXGroup;
			children = (
				90864F381FF698A100DF7012 /* HelloWorld_new */,
				90864F361FF68AB700DF7012 /* debug3 */,
				092204831FF65B6E002EF10E /* AppDelegate.h */,
				092204841FF65B6E002EF10E /* AppDelegate.m */,
				092204861FF65B6E002EF10E /* ViewController.h */,
				092204871FF65B6E002EF10E /* ViewController.m */,
				092204891FF65B6E002EF10E /* Main.storyboard */,
				0922048C1FF65B6E002EF10E /* Assets.xcassets */,
				0922048E1FF65B6E002EF10E /* LaunchScreen.storyboard */,
				092204911FF65B6E002EF10E /* Info.plist */,
				092204921FF65B6E002EF10E /* main.m */,
			);
			path = webDemo;
			sourceTree = "<group>";
		};
		0922049B1FF65B6E002EF10E /* webDemoTests */ = {
			isa = PBXGroup;
			children = (
				0922049C1FF65B6E002EF10E /* webDemoTests.m */,
				0922049E1FF65B6E002EF10E /* Info.plist */,
			);
			path = webDemoTests;
			sourceTree = "<group>";
		};
		092204A61FF65B6E002EF10E /* webDemoUITests */ = {
			isa = PBXGroup;
			children = (
				092204A71FF65B6E002EF10E /* webDemoUITests.m */,
				092204A91FF65B6E002EF10E /* Info.plist */,
			);
			path = webDemoUITests;
			sourceTree = "<group>";
		};
/* End PBXGroup section */

/* Begin PBXNativeTarget section */
		0922047F1FF65B6E002EF10E /* webDemo */ = {
			isa = PBXNativeTarget;
			buildConfigurationList = 092204AC1FF65B6E002EF10E /* Build configuration list for PBXNativeTarget "webDemo" */;
			buildPhases = (
				0922047C1FF65B6E002EF10E /* Sources */,
				0922047D1FF65B6E002EF10E /* Frameworks */,
				0922047E1FF65B6E002EF10E /* Resources */,
			);
			buildRules = (
			);
			dependencies = (
			);
			name = webDemo;
			productName = webDemo;
			productReference = 092204801FF65B6E002EF10E /* webDemo.app */;
			productType = "com.apple.product-type.application";
		};
		092204971FF65B6E002EF10E /* webDemoTests */ = {
			isa = PBXNativeTarget;
			buildConfigurationList = 092204AF1FF65B6E002EF10E /* Build configuration list for PBXNativeTarget "webDemoTests" */;
			buildPhases = (
				092204941FF65B6E002EF10E /* Sources */,
				092204951FF65B6E002EF10E /* Frameworks */,
				092204961FF65B6E002EF10E /* Resources */,
			);
			buildRules = (
			);
			dependencies = (
				0922049A1FF65B6E002EF10E /* PBXTargetDependency */,
			);
			name = webDemoTests;
			productName = webDemoTests;
			productReference = 092204981FF65B6E002EF10E /* webDemoTests.xctest */;
			productType = "com.apple.product-type.bundle.unit-test";
		};
		092204A21FF65B6E002EF10E /* webDemoUITests */ = {
			isa = PBXNativeTarget;
			buildConfigurationList = 092204B21FF65B6E002EF10E /* Build configuration list for PBXNativeTarget "webDemoUITests" */;
			buildPhases = (
				0922049F1FF65B6E002EF10E /* Sources */,
				092204A01FF65B6E002EF10E /* Frameworks */,
				092204A11FF65B6E002EF10E /* Resources */,
			);
			buildRules = (
			);
			dependencies = (
				092204A51FF65B6E002EF10E /* PBXTargetDependency */,
			);
			name = webDemoUITests;
			productName = webDemoUITests;
			productReference = 092204A31FF65B6E002EF10E /* webDemoUITests.xctest */;
			productType = "com.apple.product-type.bundle.ui-testing";
		};
/* End PBXNativeTarget section */

/* Begin PBXProject section */
		092204781FF65B6E002EF10E /* Project object */ = {
			isa = PBXProject;
			attributes = {
				LastUpgradeCheck = 0920;
				ORGANIZATIONNAME = wengxianxun;
				TargetAttributes = {
					0922047F1FF65B6E002EF10E = {
						CreatedOnToolsVersion = 9.2;
						ProvisioningStyle = Automatic;
					};
					092204971FF65B6E002EF10E = {
						CreatedOnToolsVersion = 9.2;
						ProvisioningStyle = Automatic;
						TestTargetID = 0922047F1FF65B6E002EF10E;
					};
					092204A21FF65B6E002EF10E = {
						CreatedOnToolsVersion = 9.2;
						ProvisioningStyle = Automatic;
						TestTargetID = 0922047F1FF65B6E002EF10E;
					};
				};
			};
			buildConfigurationList = 0922047B1FF65B6E002EF10E /* Build configuration list for PBXProject "webDemo" */;
			compatibilityVersion = "Xcode 8.0";
			developmentRegion = en;
			hasScannedForEncodings = 0;
			knownRegions = (
				en,
				Base,
			);
			mainGroup = 092204771FF65B6E002EF10E;
			productRefGroup = 092204811FF65B6E002EF10E /* Products */;
			projectDirPath = "";
			projectRoot = "";
			targets = (
				0922047F1FF65B6E002EF10E /* webDemo */,
				092204971FF65B6E002EF10E /* webDemoTests */,
				092204A21FF65B6E002EF10E /* webDemoUITests */,
			);
		};
/* End PBXProject section */

/* Begin PBXResourcesBuildPhase section */
		0922047E1FF65B6E002EF10E /* Resources */ = {
			isa = PBXResourcesBuildPhase;
			buildActionMask = 2147483647;
			files = (
				90864F391FF698A100DF7012 /* HelloWorld_new in Resources */,
				90864F371FF68AB800DF7012 /* debug3 in Resources */,
				092204901FF65B6E002EF10E /* LaunchScreen.storyboard in Resources */,
				0922048D1FF65B6E002EF10E /* Assets.xcassets in Resources */,
				0922048B1FF65B6E002EF10E /* Main.storyboard in Resources */,
			);
			runOnlyForDeploymentPostprocessing = 0;
		};
		092204961FF65B6E002EF10E /* Resources */ = {
			isa = PBXResourcesBuildPhase;
			buildActionMask = 2147483647;
			files = (
			);
			runOnlyForDeploymentPostprocessing = 0;
		};
		092204A11FF65B6E002EF10E /* Resources */ = {
			isa = PBXResourcesBuildPhase;
			buildActionMask = 2147483647;
			files = (
			);
			runOnlyForDeploymentPostprocessing = 0;
		};
/* End PBXResourcesBuildPhase section */

/* Begin PBXSourcesBuildPhase section */
		0922047C1FF65B6E002EF10E /* Sources */ = {
			isa = PBXSourcesBuildPhase;
			buildActionMask = 2147483647;
			files = (
				092204881FF65B6E002EF10E /* ViewController.m in Sources */,
				092204931FF65B6E002EF10E /* main.m in Sources */,
				092204851FF65B6E002EF10E /* AppDelegate.m in Sources */,
			);
			runOnlyForDeploymentPostprocessing = 0;
		};
		092204941FF65B6E002EF10E /* Sources */ = {
			isa = PBXSourcesBuildPhase;
			buildActionMask = 2147483647;
			files = (
				0922049D1FF65B6E002EF10E /* webDemoTests.m in Sources */,
			);
			runOnlyForDeploymentPostprocessing = 0;
		};
		0922049F1FF65B6E002EF10E /* Sources */ = {
			isa = PBXSourcesBuildPhase;
			buildActionMask = 2147483647;
			files = (
				092204A81FF65B6E002EF10E /* webDemoUITests.m in Sources */,
			);
			runOnlyForDeploymentPostprocessing = 0;
		};
/* End PBXSourcesBuildPhase section */

/* Begin PBXTargetDependency section */
		0922049A1FF65B6E002EF10E /* PBXTargetDependency */ = {
			isa = PBXTargetDependency;
			target = 0922047F1FF65B6E002EF10E /* webDemo */;
			targetProxy = 092204991FF65B6E002EF10E /* PBXContainerItemProxy */;
		};
		092204A51FF65B6E002EF10E /* PBXTargetDependency */ = {
			isa = PBXTargetDependency;
			target = 0922047F1FF65B6E002EF10E /* webDemo */;
			targetProxy = 092204A41FF65B6E002EF10E /* PBXContainerItemProxy */;
		};
/* End PBXTargetDependency section */

/* Begin PBXVariantGroup section */
		092204891FF65B6E002EF10E /* Main.storyboard */ = {
			isa = PBXVariantGroup;
			children = (
				0922048A1FF65B6E002EF10E /* Base */,
			);
			name = Main.storyboard;
			sourceTree = "<group>";
		};
		0922048E1FF65B6E002EF10E /* LaunchScreen.storyboard */ = {
			isa = PBXVariantGroup;
			children = (
				0922048F1FF65B6E002EF10E /* Base */,
			);
			name = LaunchScreen.storyboard;
			sourceTree = "<group>";
		};
/* End PBXVariantGroup section */

/* Begin XCBuildConfiguration section */
		092204AA1FF65B6E002EF10E /* Debug */ = {
			isa = XCBuildConfiguration;
			buildSettings = {
				ALWAYS_SEARCH_USER_PATHS = NO;
				CLANG_ANALYZER_NONNULL = YES;
				CLANG_ANALYZER_NUMBER_OBJECT_CONVERSION = YES_AGGRESSIVE;
				CLANG_CXX_LANGUAGE_STANDARD = "gnu++14";
				CLANG_CXX_LIBRARY = "libc++";
				CLANG_ENABLE_MODULES = YES;
				CLANG_ENABLE_OBJC_ARC = YES;
				CLANG_WARN_BLOCK_CAPTURE_AUTORELEASING = YES;
				CLANG_WARN_BOOL_CONVERSION = YES;
				CLANG_WARN_COMMA = YES;
				CLANG_WARN_CONSTANT_CONVERSION = YES;
				CLANG_WARN_DIRECT_OBJC_ISA_USAGE = YES_ERROR;
				CLANG_WARN_DOCUMENTATION_COMMENTS = YES;
				CLANG_WARN_EMPTY_BODY = YES;
				CLANG_WARN_ENUM_CONVERSION = YES;
				CLANG_WARN_INFINITE_RECURSION = YES;
				CLANG_WARN_INT_CONVERSION = YES;
				CLANG_WARN_NON_LITERAL_NULL_CONVERSION = YES;
				CLANG_WARN_OBJC_LITERAL_CONVERSION = YES;
				CLANG_WARN_OBJC_ROOT_CLASS = YES_ERROR;
				CLANG_WARN_RANGE_LOOP_ANALYSIS = YES;
				CLANG_WARN_STRICT_PROTOTYPES = YES;
				CLANG_WARN_SUSPICIOUS_MOVE = YES;
				CLANG_WARN_UNGUARDED_AVAILABILITY = YES_AGGRESSIVE;
				CLANG_WARN_UNREACHABLE_CODE = YES;
				CLANG_WARN__DUPLICATE_METHOD_MATCH = YES;
				CODE_SIGN_IDENTITY = "iPhone Developer";
				COPY_PHASE_STRIP = NO;
				DEBUG_INFORMATION_FORMAT = dwarf;
				ENABLE_STRICT_OBJC_MSGSEND = YES;
				ENABLE_TESTABILITY = YES;
				GCC_C_LANGUAGE_STANDARD = gnu11;
				GCC_DYNAMIC_NO_PIC = NO;
				GCC_NO_COMMON_BLOCKS = YES;
				GCC_OPTIMIZATION_LEVEL = 0;
				GCC_PREPROCESSOR_DEFINITIONS = (
					"DEBUG=1",
					"$(inherited)",
				);
				GCC_WARN_64_TO_32_BIT_CONVERSION = YES;
				GCC_WARN_ABOUT_RETURN_TYPE = YES_ERROR;
				GCC_WARN_UNDECLARED_SELECTOR = YES;
				GCC_WARN_UNINITIALIZED_AUTOS = YES_AGGRESSIVE;
				GCC_WARN_UNUSED_FUNCTION = YES;
				GCC_WARN_UNUSED_VARIABLE = YES;
				IPHONEOS_DEPLOYMENT_TARGET = 11.2;
				MTL_ENABLE_DEBUG_INFO = YES;
				ONLY_ACTIVE_ARCH = YES;
				SDKROOT = iphoneos;
			};
			name = Debug;
		};
		092204AB1FF65B6E002EF10E /* Release */ = {
			isa = XCBuildConfiguration;
			buildSettings = {
				ALWAYS_SEARCH_USER_PATHS = NO;
				CLANG_ANALYZER_NONNULL = YES;
				CLANG_ANALYZER_NUMBER_OBJECT_CONVERSION = YES_AGGRESSIVE;
				CLANG_CXX_LANGUAGE_STANDARD = "gnu++14";
				CLANG_CXX_LIBRARY = "libc++";
				CLANG_ENABLE_MODULES = YES;
				CLANG_ENABLE_OBJC_ARC = YES;
				CLANG_WARN_BLOCK_CAPTURE_AUTORELEASING = YES;
				CLANG_WARN_BOOL_CONVERSION = YES;
				CLANG_WARN_COMMA = YES;
				CLANG_WARN_CONSTANT_CONVERSION = YES;
				CLANG_WARN_DIRECT_OBJC_ISA_USAGE = YES_ERROR;
				CLANG_WARN_DOCUMENTATION_COMMENTS = YES;
				CLANG_WARN_EMPTY_BODY = YES;
				CLANG_WARN_ENUM_CONVERSION = YES;
				CLANG_WARN_INFINITE_RECURSION = YES;
				CLANG_WARN_INT_CONVERSION = YES;
				CLANG_WARN_NON_LITERAL_NULL_CONVERSION = YES;
				CLANG_WARN_OBJC_LITERAL_CONVERSION = YES;
				CLANG_WARN_OBJC_ROOT_CLASS = YES_ERROR;
				CLANG_WARN_RANGE_LOOP_ANALYSIS = YES;
				CLANG_WARN_STRICT_PROTOTYPES = YES;
				CLANG_WARN_SUSPICIOUS_MOVE = YES;
				CLANG_WARN_UNGUARDED_AVAILABILITY = YES_AGGRESSIVE;
				CLANG_WARN_UNREACHABLE_CODE = YES;
				CLANG_WARN__DUPLICATE_METHOD_MATCH = YES;
				CODE_SIGN_IDENTITY = "iPhone Developer";
				COPY_PHASE_STRIP = NO;
				DEBUG_INFORMATION_FORMAT = "dwarf-with-dsym";
				ENABLE_NS_ASSERTIONS = NO;
				ENABLE_STRICT_OBJC_MSGSEND = YES;
				GCC_C_LANGUAGE_STANDARD = gnu11;
				GCC_NO_COMMON_BLOCKS = YES;
				GCC_WARN_64_TO_32_BIT_CONVERSION = YES;
				GCC_WARN_ABOUT_RETURN_TYPE = YES_ERROR;
				GCC_WARN_UNDECLARED_SELECTOR = YES;
				GCC_WARN_UNINITIALIZED_AUTOS = YES_AGGRESSIVE;
				GCC_WARN_UNUSED_FUNCTION = YES;
				GCC_WARN_UNUSED_VARIABLE = YES;
				IPHONEOS_DEPLOYMENT_TARGET = 11.2;
				MTL_ENABLE_DEBUG_INFO = NO;
				SDKROOT = iphoneos;
				VALIDATE_PRODUCT = YES;
			};
			name = Release;
		};
		092204AD1FF65B6E002EF10E /* Debug */ = {
			isa = XCBuildConfiguration;
			buildSettings = {
				ASSETCATALOG_COMPILER_APPICON_NAME = AppIcon;
				CODE_SIGN_STYLE = Automatic;
				DEVELOPMENT_TEAM = 4J463NHQ74;
				INFOPLIST_FILE = webDemo/Info.plist;
				LD_RUNPATH_SEARCH_PATHS = "$(inherited) @executable_path/Frameworks";
				PRODUCT_BUNDLE_IDENTIFIER = xx.webDemo;
				PRODUCT_NAME = "$(TARGET_NAME)";
				TARGETED_DEVICE_FAMILY = "1,2";
			};
			name = Debug;
		};
		092204AE1FF65B6E002EF10E /* Release */ = {
			isa = XCBuildConfiguration;
			buildSettings = {
				ASSETCATALOG_COMPILER_APPICON_NAME = AppIcon;
				CODE_SIGN_STYLE = Automatic;
				DEVELOPMENT_TEAM = 4J463NHQ74;
				INFOPLIST_FILE = webDemo/Info.plist;
				LD_RUNPATH_SEARCH_PATHS = "$(inherited) @executable_path/Frameworks";
				PRODUCT_BUNDLE_IDENTIFIER = xx.webDemo;
				PRODUCT_NAME = "$(TARGET_NAME)";
				TARGETED_DEVICE_FAMILY = "1,2";
			};
			name = Release;
		};
		092204B01FF65B6E002EF10E /* Debug */ = {
			isa = XCBuildConfiguration;
			buildSettings = {
				BUNDLE_LOADER = "$(TEST_HOST)";
				CODE_SIGN_STYLE = Automatic;
				DEVELOPMENT_TEAM = 4J463NHQ74;
				INFOPLIST_FILE = webDemoTests/Info.plist;
				LD_RUNPATH_SEARCH_PATHS = "$(inherited) @executable_path/Frameworks @loader_path/Frameworks";
				PRODUCT_BUNDLE_IDENTIFIER = xx.webDemoTests;
				PRODUCT_NAME = "$(TARGET_NAME)";
				TARGETED_DEVICE_FAMILY = "1,2";
				TEST_HOST = "$(BUILT_PRODUCTS_DIR)/webDemo.app/webDemo";
			};
			name = Debug;
		};
		092204B11FF65B6E002EF10E /* Release */ = {
			isa = XCBuildConfiguration;
			buildSettings = {
				BUNDLE_LOADER = "$(TEST_HOST)";
				CODE_SIGN_STYLE = Automatic;
				DEVELOPMENT_TEAM = 4J463NHQ74;
				INFOPLIST_FILE = webDemoTests/Info.plist;
				LD_RUNPATH_SEARCH_PATHS = "$(inherited) @executable_path/Frameworks @loader_path/Frameworks";
				PRODUCT_BUNDLE_IDENTIFIER = xx.webDemoTests;
				PRODUCT_NAME = "$(TARGET_NAME)";
				TARGETED_DEVICE_FAMILY = "1,2";
				TEST_HOST = "$(BUILT_PRODUCTS_DIR)/webDemo.app/webDemo";
			};
			name = Release;
		};
		092204B31FF65B6E002EF10E /* Debug */ = {
			isa = XCBuildConfiguration;
			buildSettings = {
				CODE_SIGN_STYLE = Automatic;
				DEVELOPMENT_TEAM = 4J463NHQ74;
				INFOPLIST_FILE = webDemoUITests/Info.plist;
				LD_RUNPATH_SEARCH_PATHS = "$(inherited) @executable_path/Frameworks @loader_path/Frameworks";
				PRODUCT_BUNDLE_IDENTIFIER = xx.webDemoUITests;
				PRODUCT_NAME = "$(TARGET_NAME)";
				TARGETED_DEVICE_FAMILY = "1,2";
				TEST_TARGET_NAME = webDemo;
			};
			name = Debug;
		};
		092204B41FF65B6E002EF10E /* Release */ = {
			isa = XCBuildConfiguration;
			buildSettings = {
				CODE_SIGN_STYLE = Automatic;
				DEVELOPMENT_TEAM = 4J463NHQ74;
				INFOPLIST_FILE = webDemoUITests/Info.plist;
				LD_RUNPATH_SEARCH_PATHS = "$(inherited) @executable_path/Frameworks @loader_path/Frameworks";
				PRODUCT_BUNDLE_IDENTIFIER = xx.webDemoUITests;
				PRODUCT_NAME = "$(TARGET_NAME)";
				TARGETED_DEVICE_FAMILY = "1,2";
				TEST_TARGET_NAME = webDemo;
			};
			name = Release;
		};
/* End XCBuildConfiguration section */

/* Begin XCConfigurationList section */
		0922047B1FF65B6E002EF10E /* Build configuration list for PBXProject "webDemo" */ = {
			isa = XCConfigurationList;
			buildConfigurations = (
				092204AA1FF65B6E002EF10E /* Debug */,
				092204AB1FF65B6E002EF10E /* Release */,
			);
			defaultConfigurationIsVisible = 0;
			defaultConfigurationName = Release;
		};
		092204AC1FF65B6E002EF10E /* Build configuration list for PBXNativeTarget "webDemo" */ = {
			isa = XCConfigurationList;
			buildConfigurations = (
				092204AD1FF65B6E002EF10E /* Debug */,
				092204AE1FF65B6E002EF10E /* Release */,
			);
			defaultConfigurationIsVisible = 0;
			defaultConfigurationName = Release;
		};
		092204AF1FF65B6E002EF10E /* Build configuration list for PBXNativeTarget "webDemoTests" */ = {
			isa = XCConfigurationList;
			buildConfigurations = (
				092204B01FF65B6E002EF10E /* Debug */,
				092204B11FF65B6E002EF10E /* Release */,
			);
			defaultConfigurationIsVisible = 0;
			defaultConfigurationName = Release;
		};
		092204B21FF65B6E002EF10E /* Build configuration list for PBXNativeTarget "webDemoUITests" */ = {
			isa = XCConfigurationList;
			buildConfigurations = (
				092204B31FF65B6E002EF10E /* Debug */,
				092204B41FF65B6E002EF10E /* Release */,
			);
			defaultConfigurationIsVisible = 0;
			defaultConfigurationName = Release;
		};
/* End XCConfigurationList section */
	};
	rootObject = 092204781FF65B6E002EF10E /* Project object */;
}
