// !$*UTF8*$!
{
	archiveVersion = 1;
	classes = {
	};
	objectVersion = 48;
	objects = {

/* Begin PBXBuildFile section */
		092204851FF65B6E002EF10E /* AppDelegate.m in Sources */ = {isa = PBXBuildFile; fileRef = 092204841FF65B6E002EF10E /* AppDelegate.m */; };
		092204881FF65B6E002EF10E /* ViewController.m in Sources */ = {isa = PBXBuildFile; fileRef = 092204871FF65B6E002EF10E /* ViewController.m */; };
		0922048B1FF65B6E002EF10E /* Main.storyboard in Resources */ = {isa = PBXBuildFile; fileRef = 092204891FF65B6E002EF10E /* Main.storyboard */; };
		0922048D1FF65B6E002EF10E /* Assets.xcassets in Resources */ = {isa = PBXBuildFile; fileRef = 0922048C1FF65B6E002EF10E /* Assets.xcassets */; };
		092204901FF65B6E002EF10E /* LaunchScreen.storyboard in Resources */ = {isa = PBXBuildFile; fileRef = 0922048E1FF65B6E002EF10E /* LaunchScreen.storyboard */; };
		092204931FF65B6E002EF10E /* main.m in Sources */ = {isa = PBXBuildFile; fileRef = 092204921FF65B6E002EF10E /* main.m */; };
		0922049D1FF65B6E002EF10E /* webDemoTests.m in Sources */ = {isa = PBXBuildFile; fileRef = 0922049C1FF65B6E002EF10E /* webDemoTests.m */; };
		092204A81FF65B6E002EF10E /* webDemoUITests.m in Sources */ = {isa = PBXBuildFile; fileRef = 092204A71FF65B6E002EF10E /* webDemoUITests.m */; };
		0922053D1FF65B83002EF10E /* ElemStatus.js in Resources */ = {isa = PBXBuildFile; fileRef = 092204B81FF65B82002EF10E /* ElemStatus.js */; };
		0922053E1FF65B83002EF10E /* ElemType.js in Resources */ = {isa = PBXBuildFile; fileRef = 092204B91FF65B82002EF10E /* ElemType.js */; };
		0922053F1FF65B83002EF10E /* ExtraAttr.js in Resources */ = {isa = PBXBuildFile; fileRef = 092204BA1FF65B82002EF10E /* ExtraAttr.js */; };
		092205401FF65B83002EF10E /* global.js in Resources */ = {isa = PBXBuildFile; fileRef = 092204BB1FF65B82002EF10E /* global.js */; };
		092205411FF65B83002EF10E /* keybordDebug.js in Resources */ = {isa = PBXBuildFile; fileRef = 092204BD1FF65B82002EF10E /* keybordDebug.js */; };
		092205421FF65B83002EF10E /* gsTween.js in Resources */ = {isa = PBXBuildFile; fileRef = 092204BF1FF65B82002EF10E /* gsTween.js */; };
		092205431FF65B83002EF10E /* LoadingUI.js in Resources */ = {isa = PBXBuildFile; fileRef = 092204C01FF65B82002EF10E /* LoadingUI.js */; };
		092205441FF65B83002EF10E /* Main.js in Resources */ = {isa = PBXBuildFile; fileRef = 092204C11FF65B82002EF10E /* Main.js */; };
		092205451FF65B83002EF10E /* BloodBar.js in Resources */ = {isa = PBXBuildFile; fileRef = 092204C51FF65B82002EF10E /* BloodBar.js */; };
		092205461FF65B83002EF10E /* BOSS.js in Resources */ = {isa = PBXBuildFile; fileRef = 092204C61FF65B82002EF10E /* BOSS.js */; };
		092205471FF65B83002EF10E /* EffectPool.js in Resources */ = {isa = PBXBuildFile; fileRef = 092204C71FF65B82002EF10E /* EffectPool.js */; };
		092205481FF65B83002EF10E /* Elem.js in Resources */ = {isa = PBXBuildFile; fileRef = 092204C81FF65B82002EF10E /* Elem.js */; };
		092205491FF65B83002EF10E /* GameTimer.js in Resources */ = {isa = PBXBuildFile; fileRef = 092204C91FF65B82002EF10E /* GameTimer.js */; };
		0922054A1FF65B83002EF10E /* Node.js in Resources */ = {isa = PBXBuildFile; fileRef = 092204CA1FF65B82002EF10E /* Node.js */; };
		0922054B1FF65B83002EF10E /* ElimateScene.js in Resources */ = {isa = PBXBuildFile; fileRef = 092204CB1FF65B82002EF10E /* ElimateScene.js */; };
		0922054C1FF65B83002EF10E /* PropTouch.js in Resources */ = {isa = PBXBuildFile; fileRef = 092204CD1FF65B82002EF10E /* PropTouch.js */; };
		0922054D1FF65B83002EF10E /* GameScene.js in Resources */ = {isa = PBXBuildFile; fileRef = 092204CE1FF65B82002EF10E /* GameScene.js */; };
		0922054E1FF65B83002EF10E /* GuideUI.js in Resources */ = {isa = PBXBuildFile; fileRef = 092204D01FF65B82002EF10E /* GuideUI.js */; };
		0922054F1FF65B83002EF10E /* LoadingBar.js in Resources */ = {isa = PBXBuildFile; fileRef = 092204D21FF65B82002EF10E /* LoadingBar.js */; };
		092205501FF65B83002EF10E /* Boom.js in Resources */ = {isa = PBXBuildFile; fileRef = 092204D51FF65B82002EF10E /* Boom.js */; };
		092205511FF65B83002EF10E /* ElimateH.js in Resources */ = {isa = PBXBuildFile; fileRef = 092204D61FF65B82002EF10E /* ElimateH.js */; };
		092205521FF65B83002EF10E /* ElimateRand.js in Resources */ = {isa = PBXBuildFile; fileRef = 092204D71FF65B82002EF10E /* ElimateRand.js */; };
		092205531FF65B83002EF10E /* ElimateV.js in Resources */ = {isa = PBXBuildFile; fileRef = 092204D81FF65B82002EF10E /* ElimateV.js */; };
		092205541FF65B83002EF10E /* Prop.js in Resources */ = {isa = PBXBuildFile; fileRef = 092204D91FF65B82002EF10E /* Prop.js */; };
		092205551FF65B83002EF10E /* PropManager.js in Resources */ = {isa = PBXBuildFile; fileRef = 092204DA1FF65B82002EF10E /* PropManager.js */; };
		092205561FF65B83002EF10E /* ResultScene.js in Resources */ = {isa = PBXBuildFile; fileRef = 092204DC1FF65B82002EF10E /* ResultScene.js */; };
		092205571FF65B83002EF10E /* Scene.js in Resources */ = {isa = PBXBuildFile; fileRef = 092204DE1FF65B82002EF10E /* Scene.js */; };
		092205581FF65B83002EF10E /* DIR.js in Resources */ = {isa = PBXBuildFile; fileRef = 092204E01FF65B82002EF10E /* DIR.js */; };
		092205591FF65B83002EF10E /* DIREvent.js in Resources */ = {isa = PBXBuildFile; fileRef = 092204E11FF65B82002EF10E /* DIREvent.js */; };
		0922055A1FF65B83002EF10E /* DIRinit.js in Resources */ = {isa = PBXBuildFile; fileRef = 092204E21FF65B82002EF10E /* DIRinit.js */; };
		0922055B1FF65B83002EF10E /* LibConf.js in Resources */ = {isa = PBXBuildFile; fileRef = 092204E31FF65B82002EF10E /* LibConf.js */; };
		0922055C1FF65B83002EF10E /* BitText.js in Resources */ = {isa = PBXBuildFile; fileRef = 092204E51FF65B82002EF10E /* BitText.js */; };
		0922055D1FF65B83002EF10E /* Button.js in Resources */ = {isa = PBXBuildFile; fileRef = 092204E61FF65B82002EF10E /* Button.js */; };
		0922055E1FF65B83002EF10E /* ExtendRES.js in Resources */ = {isa = PBXBuildFile; fileRef = 092204E71FF65B82002EF10E /* ExtendRES.js */; };
		0922055F1FF65B83002EF10E /* Img.js in Resources */ = {isa = PBXBuildFile; fileRef = 092204E81FF65B82002EF10E /* Img.js */; };
		092205601FF65B83002EF10E /* Layout.js in Resources */ = {isa = PBXBuildFile; fileRef = 092204E91FF65B82002EF10E /* Layout.js */; };
		092205611FF65B83002EF10E /* Mc.js in Resources */ = {isa = PBXBuildFile; fileRef = 092204EA1FF65B82002EF10E /* Mc.js */; };
		092205621FF65B83002EF10E /* Painter.js in Resources */ = {isa = PBXBuildFile; fileRef = 092204EB1FF65B82002EF10E /* Painter.js */; };
		092205631FF65B83002EF10E /* Text.js in Resources */ = {isa = PBXBuildFile; fileRef = 092204EC1FF65B82002EF10E /* Text.js */; };
		092205641FF65B83002EF10E /* Bezier.js in Resources */ = {isa = PBXBuildFile; fileRef = 092204EE1FF65B82002EF10E /* Bezier.js */; };
		092205651FF65B83002EF10E /* CallFn.js in Resources */ = {isa = PBXBuildFile; fileRef = 092204EF1FF65B82002EF10E /* CallFn.js */; };
		092205661FF65B83002EF10E /* extFn.js in Resources */ = {isa = PBXBuildFile; fileRef = 092204F01FF65B82002EF10E /* extFn.js */; };
		092205671FF65B83002EF10E /* Queue.js in Resources */ = {isa = PBXBuildFile; fileRef = 092204F11FF65B82002EF10E /* Queue.js */; };
		092205681FF65B83002EF10E /* Main.js in Resources */ = {isa = PBXBuildFile; fileRef = 092204F31FF65B82002EF10E /* Main.js */; };
		092205691FF65B83002EF10E /* DIR.js in Resources */ = {isa = PBXBuildFile; fileRef = 092204F61FF65B82002EF10E /* DIR.js */; };
		0922056A1FF65B83002EF10E /* cnzz 说明 in Resources */ = {isa = PBXBuildFile; fileRef = 092204F81FF65B82002EF10E /* cnzz 说明 */; };
		0922056B1FF65B83002EF10E /* cnzz.min.js in Resources */ = {isa = PBXBuildFile; fileRef = 092204F91FF65B82002EF10E /* cnzz.min.js */; };
		0922056C1FF65B83002EF10E /* ga.js in Resources */ = {isa = PBXBuildFile; fileRef = 092204FA1FF65B82002EF10E /* ga.js */; };
		0922056D1FF65B83002EF10E /* gsTween.js in Resources */ = {isa = PBXBuildFile; fileRef = 092204FD1FF65B82002EF10E /* gsTween.js */; };
		0922056E1FF65B83002EF10E /* gsTween.min.js in Resources */ = {isa = PBXBuildFile; fileRef = 092204FE1FF65B82002EF10E /* gsTween.min.js */; };
		0922056F1FF65B83002EF10E /* gsTween.d.js in Resources */ = {isa = PBXBuildFile; fileRef = 092204FF1FF65B82002EF10E /* gsTween.d.js */; };
		092205701FF65B83002EF10E /* gsTween.d.ts in Resources */ = {isa = PBXBuildFile; fileRef = 092205001FF65B82002EF10E /* gsTween.d.ts */; };
		092205711FF65B83002EF10E /* package.json in Resources */ = {isa = PBXBuildFile; fileRef = 092205011FF65B82002EF10E /* package.json */; };
		092205721FF65B83002EF10E /* TimelineLite.js in Resources */ = {isa = PBXBuildFile; fileRef = 092205021FF65B82002EF10E /* TimelineLite.js */; };
		092205731FF65B83002EF10E /* TimelineLite.min.js in Resources */ = {isa = PBXBuildFile; fileRef = 092205031FF65B82002EF10E /* TimelineLite.min.js */; };
		092205741FF65B83002EF10E /* tsconfig.json in Resources */ = {isa = PBXBuildFile; fileRef = 092205041FF65B82002EF10E /* tsconfig.json */; };
		092205751FF65B83002EF10E /* TweenLite.js in Resources */ = {isa = PBXBuildFile; fileRef = 092205051FF65B82002EF10E /* TweenLite.js */; };
		092205761FF65B83002EF10E /* TweenLite.min.js in Resources */ = {isa = PBXBuildFile; fileRef = 092205061FF65B82002EF10E /* TweenLite.min.js */; };
		092205771FF65B83002EF10E /* index.html in Resources */ = {isa = PBXBuildFile; fileRef = 092205071FF65B82002EF10E /* index.html */; };
		092205781FF65B83002EF10E /* egret.d.ts in Resources */ = {isa = PBXBuildFile; fileRef = 0922050C1FF65B82002EF10E /* egret.d.ts */; };
		092205791FF65B83002EF10E /* egret.js in Resources */ = {isa = PBXBuildFile; fileRef = 0922050D1FF65B82002EF10E /* egret.js */; };
		0922057A1FF65B83002EF10E /* egret.min.js in Resources */ = {isa = PBXBuildFile; fileRef = 0922050E1FF65B82002EF10E /* egret.min.js */; };
		0922057B1FF65B83002EF10E /* egret.web.js in Resources */ = {isa = PBXBuildFile; fileRef = 0922050F1FF65B82002EF10E /* egret.web.js */; };
		0922057C1FF65B83002EF10E /* egret.web.min.js in Resources */ = {isa = PBXBuildFile; fileRef = 092205101FF65B82002EF10E /* egret.web.min.js */; };
		0922057D1FF65B83002EF10E /* game.d.ts in Resources */ = {isa = PBXBuildFile; fileRef = 092205121FF65B82002EF10E /* game.d.ts */; };
		0922057E1FF65B83002EF10E /* game.js in Resources */ = {isa = PBXBuildFile; fileRef = 092205131FF65B82002EF10E /* game.js */; };
		0922057F1FF65B83002EF10E /* game.min.js in Resources */ = {isa = PBXBuildFile; fileRef = 092205141FF65B82002EF10E /* game.min.js */; };
		092205801FF65B83002EF10E /* res.d.ts in Resources */ = {isa = PBXBuildFile; fileRef = 092205161FF65B82002EF10E /* res.d.ts */; };
		092205811FF65B83002EF10E /* res.js in Resources */ = {isa = PBXBuildFile; fileRef = 092205171FF65B82002EF10E /* res.js */; };
		092205821FF65B83002EF10E /* res.min.js in Resources */ = {isa = PBXBuildFile; fileRef = 092205181FF65B82002EF10E /* res.min.js */; };
		092205831FF65B83002EF10E /* tween.d.ts in Resources */ = {isa = PBXBuildFile; fileRef = 0922051A1FF65B82002EF10E /* tween.d.ts */; };
		092205841FF65B83002EF10E /* tween.js in Resources */ = {isa = PBXBuildFile; fileRef = 0922051B1FF65B82002EF10E /* tween.js */; };
		092205851FF65B83002EF10E /* tween.min.js in Resources */ = {isa = PBXBuildFile; fileRef = 0922051C1FF65B82002EF10E /* tween.min.js */; };
		092205861FF65B83002EF10E /* manifest.json in Resources */ = {isa = PBXBuildFile; fileRef = 0922051D1FF65B82002EF10E /* manifest.json */; };
		092205871FF65B83002EF10E /* promise.js in Resources */ = {isa = PBXBuildFile; fileRef = 092205201FF65B82002EF10E /* promise.js */; };
		092205881FF65B83002EF10E /* promise.min.js in Resources */ = {isa = PBXBuildFile; fileRef = 092205211FF65B82002EF10E /* promise.min.js */; };
		092205891FF65B83002EF10E /* boom.json in Resources */ = {isa = PBXBuildFile; fileRef = 092205241FF65B82002EF10E /* boom.json */; };
		0922058A1FF65B83002EF10E /* boom.png in Resources */ = {isa = PBXBuildFile; fileRef = 092205251FF65B82002EF10E /* boom.png */; };
		0922058B1FF65B83002EF10E /* boom_mc.json in Resources */ = {isa = PBXBuildFile; fileRef = 092205261FF65B82002EF10E /* boom_mc.json */; };
		0922058C1FF65B83002EF10E /* boss_ac1.json in Resources */ = {isa = PBXBuildFile; fileRef = 092205271FF65B82002EF10E /* boss_ac1.json */; };
		0922058D1FF65B83002EF10E /* boss_ac1.png in Resources */ = {isa = PBXBuildFile; fileRef = 092205281FF65B82002EF10E /* boss_ac1.png */; };
		0922058E1FF65B83002EF10E /* boss_ac2.json in Resources */ = {isa = PBXBuildFile; fileRef = 092205291FF65B82002EF10E /* boss_ac2.json */; };
		0922058F1FF65B83002EF10E /* boss_ac2.png in Resources */ = {isa = PBXBuildFile; fileRef = 0922052A1FF65B82002EF10E /* boss_ac2.png */; };
		092205901FF65B83002EF10E /* elems.json in Resources */ = {isa = PBXBuildFile; fileRef = 0922052B1FF65B82002EF10E /* elems.json */; };
		092205911FF65B83002EF10E /* elems.png in Resources */ = {isa = PBXBuildFile; fileRef = 0922052C1FF65B82002EF10E /* elems.png */; };
		092205921FF65B83002EF10E /* end_title.png in Resources */ = {isa = PBXBuildFile; fileRef = 0922052D1FF65B82002EF10E /* end_title.png */; };
		092205931FF65B83002EF10E /* explo.json in Resources */ = {isa = PBXBuildFile; fileRef = 0922052E1FF65B82002EF10E /* explo.json */; };
		092205941FF65B83002EF10E /* explo.png in Resources */ = {isa = PBXBuildFile; fileRef = 0922052F1FF65B82002EF10E /* explo.png */; };
		092205951FF65B83002EF10E /* font.fnt in Resources */ = {isa = PBXBuildFile; fileRef = 092205301FF65B82002EF10E /* font.fnt */; };
		092205961FF65B83002EF10E /* font.png in Resources */ = {isa = PBXBuildFile; fileRef = 092205311FF65B82002EF10E /* font.png */; };
		092205971FF65B83002EF10E /* game_scene.jpg in Resources */ = {isa = PBXBuildFile; fileRef = 092205321FF65B82002EF10E /* game_scene.jpg */; };
		092205981FF65B83002EF10E /* hx1.json in Resources */ = {isa = PBXBuildFile; fileRef = 092205331FF65B82002EF10E /* hx1.json */; };
		092205991FF65B83002EF10E /* hx1.png in Resources */ = {isa = PBXBuildFile; fileRef = 092205341FF65B82002EF10E /* hx1.png */; };
		0922059A1FF65B83002EF10E /* loading.json in Resources */ = {isa = PBXBuildFile; fileRef = 092205351FF65B82002EF10E /* loading.json */; };
		0922059B1FF65B83002EF10E /* loading.png in Resources */ = {isa = PBXBuildFile; fileRef = 092205361FF65B82002EF10E /* loading.png */; };
		0922059C1FF65B83002EF10E /* panel2.png in Resources */ = {isa = PBXBuildFile; fileRef = 092205371FF65B82002EF10E /* panel2.png */; };
		0922059D1FF65B83002EF10E /* ui.json in Resources */ = {isa = PBXBuildFile; fileRef = 092205381FF65B82002EF10E /* ui.json */; };
		0922059E1FF65B83002EF10E /* ui.png in Resources */ = {isa = PBXBuildFile; fileRef = 092205391FF65B82002EF10E /* ui.png */; };
		0922059F1FF65B83002EF10E /* wellcom.jpg in Resources */ = {isa = PBXBuildFile; fileRef = 0922053A1FF65B82002EF10E /* wellcom.jpg */; };
		092205A01FF65B83002EF10E /* default.res.json in Resources */ = {isa = PBXBuildFile; fileRef = 0922053C1FF65B82002EF10E /* default.res.json */; };
/* End PBXBuildFile section */

/* Begin PBXContainerItemProxy section */
		092204991FF65B6E002EF10E /* PBXContainerItemProxy */ = {
			isa = PBXContainerItemProxy;
			containerPortal = 092204781FF65B6E002EF10E /* Project object */;
			proxyType = 1;
			remoteGlobalIDString = 0922047F1FF65B6E002EF10E;
			remoteInfo = webDemo;
		};
		092204A41FF65B6E002EF10E /* PBXContainerItemProxy */ = {
			isa = PBXContainerItemProxy;
			containerPortal = 092204781FF65B6E002EF10E /* Project object */;
			proxyType = 1;
			remoteGlobalIDString = 0922047F1FF65B6E002EF10E;
			remoteInfo = webDemo;
		};
/* End PBXContainerItemProxy section */

/* Begin PBXFileReference section */
		092204801FF65B6E002EF10E /* webDemo.app */ = {isa = PBXFileReference; explicitFileType = wrapper.application; includeInIndex = 0; path = webDemo.app; sourceTree = BUILT_PRODUCTS_DIR; };
		092204831FF65B6E002EF10E /* AppDelegate.h */ = {isa = PBXFileReference; lastKnownFileType = sourcecode.c.h; path = AppDelegate.h; sourceTree = "<group>"; };
		092204841FF65B6E002EF10E /* AppDelegate.m */ = {isa = PBXFileReference; lastKnownFileType = sourcecode.c.objc; path = AppDelegate.m; sourceTree = "<group>"; };
		092204861FF65B6E002EF10E /* ViewController.h */ = {isa = PBXFileReference; lastKnownFileType = sourcecode.c.h; path = ViewController.h; sourceTree = "<group>"; };
		092204871FF65B6E002EF10E /* ViewController.m */ = {isa = PBXFileReference; lastKnownFileType = sourcecode.c.objc; path = ViewController.m; sourceTree = "<group>"; };
		0922048A1FF65B6E002EF10E /* Base */ = {isa = PBXFileReference; lastKnownFileType = file.storyboard; name = Base; path = Base.lproj/Main.storyboard; sourceTree = "<group>"; };
		0922048C1FF65B6E002EF10E /* Assets.xcassets */ = {isa = PBXFileReference; lastKnownFileType = folder.assetcatalog; path = Assets.xcassets; sourceTree = "<group>"; };
		0922048F1FF65B6E002EF10E /* Base */ = {isa = PBXFileReference; lastKnownFileType = file.storyboard; name = Base; path = Base.lproj/LaunchScreen.storyboard; sourceTree = "<group>"; };
		092204911FF65B6E002EF10E /* Info.plist */ = {isa = PBXFileReference; lastKnownFileType = text.plist.xml; path = Info.plist; sourceTree = "<group>"; };
		092204921FF65B6E002EF10E /* main.m */ = {isa = PBXFileReference; lastKnownFileType = sourcecode.c.objc; path = main.m; sourceTree = "<group>"; };
		092204981FF65B6E002EF10E /* webDemoTests.xctest */ = {isa = PBXFileReference; explicitFileType = wrapper.cfbundle; includeInIndex = 0; path = webDemoTests.xctest; sourceTree = BUILT_PRODUCTS_DIR; };
		0922049C1FF65B6E002EF10E /* webDemoTests.m */ = {isa = PBXFileReference; lastKnownFileType = sourcecode.c.objc; path = webDemoTests.m; sourceTree = "<group>"; };
		0922049E1FF65B6E002EF10E /* Info.plist */ = {isa = PBXFileReference; lastKnownFileType = text.plist.xml; path = Info.plist; sourceTree = "<group>"; };
		092204A31FF65B6E002EF10E /* webDemoUITests.xctest */ = {isa = PBXFileReference; explicitFileType = wrapper.cfbundle; includeInIndex = 0; path = webDemoUITests.xctest; sourceTree = BUILT_PRODUCTS_DIR; };
		092204A71FF65B6E002EF10E /* webDemoUITests.m */ = {isa = PBXFileReference; lastKnownFileType = sourcecode.c.objc; path = webDemoUITests.m; sourceTree = "<group>"; };
		092204A91FF65B6E002EF10E /* Info.plist */ = {isa = PBXFileReference; lastKnownFileType = text.plist.xml; path = Info.plist; sourceTree = "<group>"; };
		092204B81FF65B82002EF10E /* ElemStatus.js */ = {isa = PBXFileReference; fileEncoding = 4; lastKnownFileType = sourcecode.javascript; path = ElemStatus.js; sourceTree = "<group>"; };
		092204B91FF65B82002EF10E /* ElemType.js */ = {isa = PBXFileReference; fileEncoding = 4; lastKnownFileType = sourcecode.javascript; path = ElemType.js; sourceTree = "<group>"; };
		092204BA1FF65B82002EF10E /* ExtraAttr.js */ = {isa = PBXFileReference; fileEncoding = 4; lastKnownFileType = sourcecode.javascript; path = ExtraAttr.js; sourceTree = "<group>"; };
		092204BB1FF65B82002EF10E /* global.js */ = {isa = PBXFileReference; fileEncoding = 4; lastKnownFileType = sourcecode.javascript; path = global.js; sourceTree = "<group>"; };
		092204BD1FF65B82002EF10E /* keybordDebug.js */ = {isa = PBXFileReference; fileEncoding = 4; lastKnownFileType = sourcecode.javascript; path = keybordDebug.js; sourceTree = "<group>"; };
		092204BF1FF65B82002EF10E /* gsTween.js */ = {isa = PBXFileReference; fileEncoding = 4; lastKnownFileType = sourcecode.javascript; path = gsTween.js; sourceTree = "<group>"; };
		092204C01FF65B82002EF10E /* LoadingUI.js */ = {isa = PBXFileReference; fileEncoding = 4; lastKnownFileType = sourcecode.javascript; path = LoadingUI.js; sourceTree = "<group>"; };
		092204C11FF65B82002EF10E /* Main.js */ = {isa = PBXFileReference; fileEncoding = 4; lastKnownFileType = sourcecode.javascript; path = Main.js; sourceTree = "<group>"; };
		092204C51FF65B82002EF10E /* BloodBar.js */ = {isa = PBXFileReference; fileEncoding = 4; lastKnownFileType = sourcecode.javascript; path = BloodBar.js; sourceTree = "<group>"; };
		092204C61FF65B82002EF10E /* BOSS.js */ = {isa = PBXFileReference; fileEncoding = 4; lastKnownFileType = sourcecode.javascript; path = BOSS.js; sourceTree = "<group>"; };
		092204C71FF65B82002EF10E /* EffectPool.js */ = {isa = PBXFileReference; fileEncoding = 4; lastKnownFileType = sourcecode.javascript; path = EffectPool.js; sourceTree = "<group>"; };
		092204C81FF65B82002EF10E /* Elem.js */ = {isa = PBXFileReference; fileEncoding = 4; lastKnownFileType = sourcecode.javascript; path = Elem.js; sourceTree = "<group>"; };
		092204C91FF65B82002EF10E /* GameTimer.js */ = {isa = PBXFileReference; fileEncoding = 4; lastKnownFileType = sourcecode.javascript; path = GameTimer.js; sourceTree = "<group>"; };
		092204CA1FF65B82002EF10E /* Node.js */ = {isa = PBXFileReference; fileEncoding = 4; lastKnownFileType = sourcecode.javascript; path = Node.js; sourceTree = "<group>"; };
		092204CB1FF65B82002EF10E /* ElimateScene.js */ = {isa = PBXFileReference; fileEncoding = 4; lastKnownFileType = sourcecode.javascript; path = ElimateScene.js; sourceTree = "<group>"; };
		092204CD1FF65B82002EF10E /* PropTouch.js */ = {isa = PBXFileReference; fileEncoding = 4; lastKnownFileType = sourcecode.javascript; path = PropTouch.js; sourceTree = "<group>"; };
		092204CE1FF65B82002EF10E /* GameScene.js */ = {isa = PBXFileReference; fileEncoding = 4; lastKnownFileType = sourcecode.javascript; path = GameScene.js; sourceTree = "<group>"; };
		092204D01FF65B82002EF10E /* GuideUI.js */ = {isa = PBXFileReference; fileEncoding = 4; lastKnownFileType = sourcecode.javascript; path = GuideUI.js; sourceTree = "<group>"; };
		092204D21FF65B82002EF10E /* LoadingBar.js */ = {isa = PBXFileReference; fileEncoding = 4; lastKnownFileType = sourcecode.javascript; path = LoadingBar.js; sourceTree = "<group>"; };
		092204D51FF65B82002EF10E /* Boom.js */ = {isa = PBXFileReference; fileEncoding = 4; lastKnownFileType = sourcecode.javascript; path = Boom.js; sourceTree = "<group>"; };
		092204D61FF65B82002EF10E /* ElimateH.js */ = {isa = PBXFileReference; fileEncoding = 4; lastKnownFileType = sourcecode.javascript; path = ElimateH.js; sourceTree = "<group>"; };
		092204D71FF65B82002EF10E /* ElimateRand.js */ = {isa = PBXFileReference; fileEncoding = 4; lastKnownFileType = sourcecode.javascript; path = ElimateRand.js; sourceTree = "<group>"; };
		092204D81FF65B82002EF10E /* ElimateV.js */ = {isa = PBXFileReference; fileEncoding = 4; lastKnownFileType = sourcecode.javascript; path = ElimateV.js; sourceTree = "<group>"; };
		092204D91FF65B82002EF10E /* Prop.js */ = {isa = PBXFileReference; fileEncoding = 4; lastKnownFileType = sourcecode.javascript; path = Prop.js; sourceTree = "<group>"; };
		092204DA1FF65B82002EF10E /* PropManager.js */ = {isa = PBXFileReference; fileEncoding = 4; lastKnownFileType = sourcecode.javascript; path = PropManager.js; sourceTree = "<group>"; };
		092204DC1FF65B82002EF10E /* ResultScene.js */ = {isa = PBXFileReference; fileEncoding = 4; lastKnownFileType = sourcecode.javascript; path = ResultScene.js; sourceTree = "<group>"; };
		092204DE1FF65B82002EF10E /* Scene.js */ = {isa = PBXFileReference; fileEncoding = 4; lastKnownFileType = sourcecode.javascript; path = Scene.js; sourceTree = "<group>"; };
		092204E01FF65B82002EF10E /* DIR.js */ = {isa = PBXFileReference; fileEncoding = 4; lastKnownFileType = sourcecode.javascript; path = DIR.js; sourceTree = "<group>"; };
		092204E11FF65B82002EF10E /* DIREvent.js */ = {isa = PBXFileReference; fileEncoding = 4; lastKnownFileType = sourcecode.javascript; path = DIREvent.js; sourceTree = "<group>"; };
		092204E21FF65B82002EF10E /* DIRinit.js */ = {isa = PBXFileReference; fileEncoding = 4; lastKnownFileType = sourcecode.javascript; path = DIRinit.js; sourceTree = "<group>"; };
		092204E31FF65B82002EF10E /* LibConf.js */ = {isa = PBXFileReference; fileEncoding = 4; lastKnownFileType = sourcecode.javascript; path = LibConf.js; sourceTree = "<group>"; };
		092204E51FF65B82002EF10E /* BitText.js */ = {isa = PBXFileReference; fileEncoding = 4; lastKnownFileType = sourcecode.javascript; path = BitText.js; sourceTree = "<group>"; };
		092204E61FF65B82002EF10E /* Button.js */ = {isa = PBXFileReference; fileEncoding = 4; lastKnownFileType = sourcecode.javascript; path = Button.js; sourceTree = "<group>"; };
		092204E71FF65B82002EF10E /* ExtendRES.js */ = {isa = PBXFileReference; fileEncoding = 4; lastKnownFileType = sourcecode.javascript; path = ExtendRES.js; sourceTree = "<group>"; };
		092204E81FF65B82002EF10E /* Img.js */ = {isa = PBXFileReference; fileEncoding = 4; lastKnownFileType = sourcecode.javascript; path = Img.js; sourceTree = "<group>"; };
		092204E91FF65B82002EF10E /* Layout.js */ = {isa = PBXFileReference; fileEncoding = 4; lastKnownFileType = sourcecode.javascript; path = Layout.js; sourceTree = "<group>"; };
		092204EA1FF65B82002EF10E /* Mc.js */ = {isa = PBXFileReference; fileEncoding = 4; lastKnownFileType = sourcecode.javascript; path = Mc.js; sourceTree = "<group>"; };
		092204EB1FF65B82002EF10E /* Painter.js */ = {isa = PBXFileReference; fileEncoding = 4; lastKnownFileType = sourcecode.javascript; path = Painter.js; sourceTree = "<group>"; };
		092204EC1FF65B82002EF10E /* Text.js */ = {isa = PBXFileReference; fileEncoding = 4; lastKnownFileType = sourcecode.javascript; path = Text.js; sourceTree = "<group>"; };
		092204EE1FF65B82002EF10E /* Bezier.js */ = {isa = PBXFileReference; fileEncoding = 4; lastKnownFileType = sourcecode.javascript; path = Bezier.js; sourceTree = "<group>"; };
		092204EF1FF65B82002EF10E /* CallFn.js */ = {isa = PBXFileReference; fileEncoding = 4; lastKnownFileType = sourcecode.javascript; path = CallFn.js; sourceTree = "<group>"; };
		092204F01FF65B82002EF10E /* extFn.js */ = {isa = PBXFileReference; fileEncoding = 4; lastKnownFileType = sourcecode.javascript; path = extFn.js; sourceTree = "<group>"; };
		092204F11FF65B82002EF10E /* Queue.js */ = {isa = PBXFileReference; fileEncoding = 4; lastKnownFileType = sourcecode.javascript; path = Queue.js; sourceTree = "<group>"; };
		092204F31FF65B82002EF10E /* Main.js */ = {isa = PBXFileReference; fileEncoding = 4; lastKnownFileType = sourcecode.javascript; path = Main.js; sourceTree = "<group>"; };
		092204F61FF65B82002EF10E /* DIR.js */ = {isa = PBXFileReference; fileEncoding = 4; lastKnownFileType = sourcecode.javascript; path = DIR.js; sourceTree = "<group>"; };
		092204F81FF65B82002EF10E /* cnzz 说明 */ = {isa = PBXFileReference; fileEncoding = 4; lastKnownFileType = text; path = "cnzz 说明"; sourceTree = "<group>"; };
		092204F91FF65B82002EF10E /* cnzz.min.js */ = {isa = PBXFileReference; fileEncoding = 4; lastKnownFileType = sourcecode.javascript; path = cnzz.min.js; sourceTree = "<group>"; };
		092204FA1FF65B82002EF10E /* ga.js */ = {isa = PBXFileReference; fileEncoding = 4; lastKnownFileType = sourcecode.javascript; path = ga.js; sourceTree = "<group>"; };
		092204FD1FF65B82002EF10E /* gsTween.js */ = {isa = PBXFileReference; fileEncoding = 4; lastKnownFileType = sourcecode.javascript; path = gsTween.js; sourceTree = "<group>"; };
		092204FE1FF65B82002EF10E /* gsTween.min.js */ = {isa = PBXFileReference; fileEncoding = 4; lastKnownFileType = sourcecode.javascript; path = gsTween.min.js; sourceTree = "<group>"; };
		092204FF1FF65B82002EF10E /* gsTween.d.js */ = {isa = PBXFileReference; fileEncoding = 4; lastKnownFileType = sourcecode.javascript; path = gsTween.d.js; sourceTree = "<group>"; };
		092205001FF65B82002EF10E /* gsTween.d.ts */ = {isa = PBXFileReference; fileEncoding = 4; lastKnownFileType = text; path = gsTween.d.ts; sourceTree = "<group>"; };
		092205011FF65B82002EF10E /* package.json */ = {isa = PBXFileReference; fileEncoding = 4; lastKnownFileType = text.json; path = package.json; sourceTree = "<group>"; };
		092205021FF65B82002EF10E /* TimelineLite.js */ = {isa = PBXFileReference; fileEncoding = 4; lastKnownFileType = sourcecode.javascript; path = TimelineLite.js; sourceTree = "<group>"; };
		092205031FF65B82002EF10E /* TimelineLite.min.js */ = {isa = PBXFileReference; fileEncoding = 4; lastKnownFileType = sourcecode.javascript; path = TimelineLite.min.js; sourceTree = "<group>"; };
		092205041FF65B82002EF10E /* tsconfig.json */ = {isa = PBXFileReference; fileEncoding = 4; lastKnownFileType = text.json; path = tsconfig.json; sourceTree = "<group>"; };
		092205051FF65B82002EF10E /* TweenLite.js */ = {isa = PBXFileReference; fileEncoding = 4; lastKnownFileType = sourcecode.javascript; path = TweenLite.js; sourceTree = "<group>"; };
		092205061FF65B82002EF10E /* TweenLite.min.js */ = {isa = PBXFileReference; fileEncoding = 4; lastKnownFileType = sourcecode.javascript; path = TweenLite.min.js; sourceTree = "<group>"; };
		092205071FF65B82002EF10E /* index.html */ = {isa = PBXFileReference; fileEncoding = 4; lastKnownFileType = text.html; path = index.html; sourceTree = "<group>"; };
		0922050C1FF65B82002EF10E /* egret.d.ts */ = {isa = PBXFileReference; fileEncoding = 4; lastKnownFileType = text; path = egret.d.ts; sourceTree = "<group>"; };
		0922050D1FF65B82002EF10E /* egret.js */ = {isa = PBXFileReference; fileEncoding = 4; lastKnownFileType = sourcecode.javascript; path = egret.js; sourceTree = "<group>"; };
		0922050E1FF65B82002EF10E /* egret.min.js */ = {isa = PBXFileReference; fileEncoding = 4; lastKnownFileType = sourcecode.javascript; path = egret.min.js; sourceTree = "<group>"; };
		0922050F1FF65B82002EF10E /* egret.web.js */ = {isa = PBXFileReference; fileEncoding = 4; lastKnownFileType = sourcecode.javascript; path = egret.web.js; sourceTree = "<group>"; };
		092205101FF65B82002EF10E /* egret.web.min.js */ = {isa = PBXFileReference; fileEncoding = 4; lastKnownFileType = sourcecode.javascript; path = egret.web.min.js; sourceTree = "<group>"; };
		092205121FF65B82002EF10E /* game.d.ts */ = {isa = PBXFileReference; fileEncoding = 4; lastKnownFileType = text; path = game.d.ts; sourceTree = "<group>"; };
		092205131FF65B82002EF10E /* game.js */ = {isa = PBXFileReference; fileEncoding = 4; lastKnownFileType = sourcecode.javascript; path = game.js; sourceTree = "<group>"; };
		092205141FF65B82002EF10E /* game.min.js */ = {isa = PBXFileReference; fileEncoding = 4; lastKnownFileType = sourcecode.javascript; path = game.min.js; sourceTree = "<group>"; };
		092205161FF65B82002EF10E /* res.d.ts */ = {isa = PBXFileReference; fileEncoding = 4; lastKnownFileType = text; path = res.d.ts; sourceTree = "<group>"; };
		092205171FF65B82002EF10E /* res.js */ = {isa = PBXFileReference; fileEncoding = 4; lastKnownFileType = sourcecode.javascript; path = res.js; sourceTree = "<group>"; };
		092205181FF65B82002EF10E /* res.min.js */ = {isa = PBXFileReference; fileEncoding = 4; lastKnownFileType = sourcecode.javascript; path = res.min.js; sourceTree = "<group>"; };
		0922051A1FF65B82002EF10E /* tween.d.ts */ = {isa = PBXFileReference; fileEncoding = 4; lastKnownFileType = text; path = tween.d.ts; sourceTree = "<group>"; };
		0922051B1FF65B82002EF10E /* tween.js */ = {isa = PBXFileReference; fileEncoding = 4; lastKnownFileType = sourcecode.javascript; path = tween.js; sourceTree = "<group>"; };
		0922051C1FF65B82002EF10E /* tween.min.js */ = {isa = PBXFileReference; fileEncoding = 4; lastKnownFileType = sourcecode.javascript; path = tween.min.js; sourceTree = "<group>"; };
		0922051D1FF65B82002EF10E /* manifest.json */ = {isa = PBXFileReference; fileEncoding = 4; lastKnownFileType = text.json; path = manifest.json; sourceTree = "<group>"; };
		092205201FF65B82002EF10E /* promise.js */ = {isa = PBXFileReference; fileEncoding = 4; lastKnownFileType = sourcecode.javascript; path = promise.js; sourceTree = "<group>"; };
		092205211FF65B82002EF10E /* promise.min.js */ = {isa = PBXFileReference; fileEncoding = 4; lastKnownFileType = sourcecode.javascript; path = promise.min.js; sourceTree = "<group>"; };
		092205241FF65B82002EF10E /* boom.json */ = {isa = PBXFileReference; fileEncoding = 4; lastKnownFileType = text.json; path = boom.json; sourceTree = "<group>"; };
		092205251FF65B82002EF10E /* boom.png */ = {isa = PBXFileReference; lastKnownFileType = image.png; path = boom.png; sourceTree = "<group>"; };
		092205261FF65B82002EF10E /* boom_mc.json */ = {isa = PBXFileReference; fileEncoding = 4; lastKnownFileType = text.json; path = boom_mc.json; sourceTree = "<group>"; };
		092205271FF65B82002EF10E /* boss_ac1.json */ = {isa = PBXFileReference; fileEncoding = 4; lastKnownFileType = text.json; path = boss_ac1.json; sourceTree = "<group>"; };
		092205281FF65B82002EF10E /* boss_ac1.png */ = {isa = PBXFileReference; lastKnownFileType = image.png; path = boss_ac1.png; sourceTree = "<group>"; };
		092205291FF65B82002EF10E /* boss_ac2.json */ = {isa = PBXFileReference; fileEncoding = 4; lastKnownFileType = text.json; path = boss_ac2.json; sourceTree = "<group>"; };
		0922052A1FF65B82002EF10E /* boss_ac2.png */ = {isa = PBXFileReference; lastKnownFileType = image.png; path = boss_ac2.png; sourceTree = "<group>"; };
		0922052B1FF65B82002EF10E /* elems.json */ = {isa = PBXFileReference; fileEncoding = 4; lastKnownFileType = text.json; path = elems.json; sourceTree = "<group>"; };
		0922052C1FF65B82002EF10E /* elems.png */ = {isa = PBXFileReference; lastKnownFileType = image.png; path = elems.png; sourceTree = "<group>"; };
		0922052D1FF65B82002EF10E /* end_title.png */ = {isa = PBXFileReference; lastKnownFileType = image.png; path = end_title.png; sourceTree = "<group>"; };
		0922052E1FF65B82002EF10E /* explo.json */ = {isa = PBXFileReference; fileEncoding = 4; lastKnownFileType = text.json; path = explo.json; sourceTree = "<group>"; };
		0922052F1FF65B82002EF10E /* explo.png */ = {isa = PBXFileReference; lastKnownFileType = image.png; path = explo.png; sourceTree = "<group>"; };
		092205301FF65B82002EF10E /* font.fnt */ = {isa = PBXFileReference; fileEncoding = 4; lastKnownFileType = text; path = font.fnt; sourceTree = "<group>"; };
		092205311FF65B82002EF10E /* font.png */ = {isa = PBXFileReference; lastKnownFileType = image.png; path = font.png; sourceTree = "<group>"; };
		092205321FF65B82002EF10E /* game_scene.jpg */ = {isa = PBXFileReference; lastKnownFileType = image.jpeg; path = game_scene.jpg; sourceTree = "<group>"; };
		092205331FF65B82002EF10E /* hx1.json */ = {isa = PBXFileReference; fileEncoding = 4; lastKnownFileType = text.json; path = hx1.json; sourceTree = "<group>"; };
		092205341FF65B82002EF10E /* hx1.png */ = {isa = PBXFileReference; lastKnownFileType = image.png; path = hx1.png; sourceTree = "<group>"; };
		092205351FF65B82002EF10E /* loading.json */ = {isa = PBXFileReference; fileEncoding = 4; lastKnownFileType = text.json; path = loading.json; sourceTree = "<group>"; };
		092205361FF65B82002EF10E /* loading.png */ = {isa = PBXFileReference; lastKnownFileType = image.png; path = loading.png; sourceTree = "<group>"; };
		092205371FF65B82002EF10E /* panel2.png */ = {isa = PBXFileReference; lastKnownFileType = image.png; path = panel2.png; sourceTree = "<group>"; };
		092205381FF65B82002EF10E /* ui.json */ = {isa = PBXFileReference; fileEncoding = 4; lastKnownFileType = text.json; path = ui.json; sourceTree = "<group>"; };
		092205391FF65B82002EF10E /* ui.png */ = {isa = PBXFileReference; lastKnownFileType = image.png; path = ui.png; sourceTree = "<group>"; };
		0922053A1FF65B82002EF10E /* wellcom.jpg */ = {isa = PBXFileReference; lastKnownFileType = image.jpeg; path = wellcom.jpg; sourceTree = "<group>"; };
		0922053C1FF65B82002EF10E /* default.res.json */ = {isa = PBXFileReference; fileEncoding = 4; lastKnownFileType = text.json; path = default.res.json; sourceTree = "<group>"; };
/* End PBXFileReference section */

/* Begin PBXFrameworksBuildPhase section */
		0922047D1FF65B6E002EF10E /* Frameworks */ = {
			isa = PBXFrameworksBuildPhase;
			buildActionMask = 2147483647;
			files = (
			);
			runOnlyForDeploymentPostprocessing = 0;
		};
		092204951FF65B6E002EF10E /* Frameworks */ = {
			isa = PBXFrameworksBuildPhase;
			buildActionMask = 2147483647;
			files = (
			);
			runOnlyForDeploymentPostprocessing = 0;
		};
		092204A01FF65B6E002EF10E /* Frameworks */ = {
			isa = PBXFrameworksBuildPhase;
			buildActionMask = 2147483647;
			files = (
			);
			runOnlyForDeploymentPostprocessing = 0;
		};
/* End PBXFrameworksBuildPhase section */

/* Begin PBXGroup section */
		092204771FF65B6E002EF10E = {
			isa = PBXGroup;
			children = (
				092204821FF65B6E002EF10E /* webDemo */,
				0922049B1FF65B6E002EF10E /* webDemoTests */,
				092204A61FF65B6E002EF10E /* webDemoUITests */,
				092204811FF65B6E002EF10E /* Products */,
			);
			sourceTree = "<group>";
		};
		092204811FF65B6E002EF10E /* Products */ = {
			isa = PBXGroup;
			children = (
				092204801FF65B6E002EF10E /* webDemo.app */,
				092204981FF65B6E002EF10E /* webDemoTests.xctest */,
				092204A31FF65B6E002EF10E /* webDemoUITests.xctest */,
			);
			name = Products;
			sourceTree = "<group>";
		};
		092204821FF65B6E002EF10E /* webDemo */ = {
			isa = PBXGroup;
			children = (
				092204831FF65B6E002EF10E /* AppDelegate.h */,
				092204841FF65B6E002EF10E /* AppDelegate.m */,
				092204861FF65B6E002EF10E /* ViewController.h */,
				092204871FF65B6E002EF10E /* ViewController.m */,
				092204891FF65B6E002EF10E /* Main.storyboard */,
				0922048C1FF65B6E002EF10E /* Assets.xcassets */,
				0922048E1FF65B6E002EF10E /* LaunchScreen.storyboard */,
				092204B51FF65B82002EF10E /* debug3 */,
				092204911FF65B6E002EF10E /* Info.plist */,
				092204921FF65B6E002EF10E /* main.m */,
			);
			path = webDemo;
			sourceTree = "<group>";
		};
		0922049B1FF65B6E002EF10E /* webDemoTests */ = {
			isa = PBXGroup;
			children = (
				0922049C1FF65B6E002EF10E /* webDemoTests.m */,
				0922049E1FF65B6E002EF10E /* Info.plist */,
			);
			path = webDemoTests;
			sourceTree = "<group>";
		};
		092204A61FF65B6E002EF10E /* webDemoUITests */ = {
			isa = PBXGroup;
			children = (
				092204A71FF65B6E002EF10E /* webDemoUITests.m */,
				092204A91FF65B6E002EF10E /* Info.plist */,
			);
			path = webDemoUITests;
			sourceTree = "<group>";
		};
		092204B51FF65B82002EF10E /* debug3 */ = {
			isa = PBXGroup;
			children = (
				092204B61FF65B82002EF10E /* bin-debug */,
				092204F71FF65B82002EF10E /* ga */,
				092204FB1FF65B82002EF10E /* gsTween */,
				092205071FF65B82002EF10E /* index.html */,
				092205081FF65B82002EF10E /* libs */,
				0922051D1FF65B82002EF10E /* manifest.json */,
				0922051E1FF65B82002EF10E /* promise */,
				092205221FF65B82002EF10E /* resource */,
			);
			path = debug3;
			sourceTree = "<group>";
		};
		092204B61FF65B82002EF10E /* bin-debug */ = {
			isa = PBXGroup;
			children = (
				092204B71FF65B82002EF10E /* const */,
				092204BC1FF65B82002EF10E /* editor */,
				092204BE1FF65B82002EF10E /* gsTween */,
				092204C01FF65B82002EF10E /* LoadingUI.js */,
				092204C11FF65B82002EF10E /* Main.js */,
				092204C21FF65B82002EF10E /* modules */,
				092204F21FF65B82002EF10E /* src */,
			);
			path = "bin-debug";
			sourceTree = "<group>";
		};
		092204B71FF65B82002EF10E /* const */ = {
			isa = PBXGroup;
			children = (
				092204B81FF65B82002EF10E /* ElemStatus.js */,
				092204B91FF65B82002EF10E /* ElemType.js */,
				092204BA1FF65B82002EF10E /* ExtraAttr.js */,
				092204BB1FF65B82002EF10E /* global.js */,
			);
			path = const;
			sourceTree = "<group>";
		};
		092204BC1FF65B82002EF10E /* editor */ = {
			isa = PBXGroup;
			children = (
				092204BD1FF65B82002EF10E /* keybordDebug.js */,
			);
			path = editor;
			sourceTree = "<group>";
		};
		092204BE1FF65B82002EF10E /* gsTween */ = {
			isa = PBXGroup;
			children = (
				092204BF1FF65B82002EF10E /* gsTween.js */,
			);
			path = gsTween;
			sourceTree = "<group>";
		};
		092204C21FF65B82002EF10E /* modules */ = {
			isa = PBXGroup;
			children = (
				092204C31FF65B82002EF10E /* gameScene */,
				092204CF1FF65B82002EF10E /* guide */,
				092204D11FF65B82002EF10E /* loading */,
				092204D31FF65B82002EF10E /* prop */,
				092204DB1FF65B82002EF10E /* result */,
				092204DD1FF65B82002EF10E /* Scene */,
				092204DF1FF65B82002EF10E /* statistics */,
				092204E41FF65B82002EF10E /* uiLib */,
				092204ED1FF65B82002EF10E /* util */,
			);
			path = modules;
			sourceTree = "<group>";
		};
		092204C31FF65B82002EF10E /* gameScene */ = {
			isa = PBXGroup;
			children = (
				092204C41FF65B82002EF10E /* class */,
				092204CB1FF65B82002EF10E /* ElimateScene.js */,
				092204CC1FF65B82002EF10E /* Event */,
				092204CE1FF65B82002EF10E /* GameScene.js */,
			);
			path = gameScene;
			sourceTree = "<group>";
		};
		092204C41FF65B82002EF10E /* class */ = {
			isa = PBXGroup;
			children = (
				092204C51FF65B82002EF10E /* BloodBar.js */,
				092204C61FF65B82002EF10E /* BOSS.js */,
				092204C71FF65B82002EF10E /* EffectPool.js */,
				092204C81FF65B82002EF10E /* Elem.js */,
				092204C91FF65B82002EF10E /* GameTimer.js */,
				092204CA1FF65B82002EF10E /* Node.js */,
			);
			path = class;
			sourceTree = "<group>";
		};
		092204CC1FF65B82002EF10E /* Event */ = {
			isa = PBXGroup;
			children = (
				092204CD1FF65B82002EF10E /* PropTouch.js */,
			);
			path = Event;
			sourceTree = "<group>";
		};
		092204CF1FF65B82002EF10E /* guide */ = {
			isa = PBXGroup;
			children = (
				092204D01FF65B82002EF10E /* GuideUI.js */,
			);
			path = guide;
			sourceTree = "<group>";
		};
		092204D11FF65B82002EF10E /* loading */ = {
			isa = PBXGroup;
			children = (
				092204D21FF65B82002EF10E /* LoadingBar.js */,
			);
			path = loading;
			sourceTree = "<group>";
		};
		092204D31FF65B82002EF10E /* prop */ = {
			isa = PBXGroup;
			children = (
				092204D41FF65B82002EF10E /* ext */,
				092204D91FF65B82002EF10E /* Prop.js */,
				092204DA1FF65B82002EF10E /* PropManager.js */,
			);
			path = prop;
			sourceTree = "<group>";
		};
		092204D41FF65B82002EF10E /* ext */ = {
			isa = PBXGroup;
			children = (
				092204D51FF65B82002EF10E /* Boom.js */,
				092204D61FF65B82002EF10E /* ElimateH.js */,
				092204D71FF65B82002EF10E /* ElimateRand.js */,
				092204D81FF65B82002EF10E /* ElimateV.js */,
			);
			path = ext;
			sourceTree = "<group>";
		};
		092204DB1FF65B82002EF10E /* result */ = {
			isa = PBXGroup;
			children = (
				092204DC1FF65B82002EF10E /* ResultScene.js */,
			);
			path = result;
			sourceTree = "<group>";
		};
		092204DD1FF65B82002EF10E /* Scene */ = {
			isa = PBXGroup;
			children = (
				092204DE1FF65B82002EF10E /* Scene.js */,
			);
			path = Scene;
			sourceTree = "<group>";
		};
		092204DF1FF65B82002EF10E /* statistics */ = {
			isa = PBXGroup;
			children = (
				092204E01FF65B82002EF10E /* DIR.js */,
				092204E11FF65B82002EF10E /* DIREvent.js */,
				092204E21FF65B82002EF10E /* DIRinit.js */,
				092204E31FF65B82002EF10E /* LibConf.js */,
			);
			path = statistics;
			sourceTree = "<group>";
		};
		092204E41FF65B82002EF10E /* uiLib */ = {
			isa = PBXGroup;
			children = (
				092204E51FF65B82002EF10E /* BitText.js */,
				092204E61FF65B82002EF10E /* Button.js */,
				092204E71FF65B82002EF10E /* ExtendRES.js */,
				092204E81FF65B82002EF10E /* Img.js */,
				092204E91FF65B82002EF10E /* Layout.js */,
				092204EA1FF65B82002EF10E /* Mc.js */,
				092204EB1FF65B82002EF10E /* Painter.js */,
				092204EC1FF65B82002EF10E /* Text.js */,
			);
			path = uiLib;
			sourceTree = "<group>";
		};
		092204ED1FF65B82002EF10E /* util */ = {
			isa = PBXGroup;
			children = (
				092204EE1FF65B82002EF10E /* Bezier.js */,
				092204EF1FF65B82002EF10E /* CallFn.js */,
				092204F01FF65B82002EF10E /* extFn.js */,
				092204F11FF65B82002EF10E /* Queue.js */,
			);
			path = util;
			sourceTree = "<group>";
		};
		092204F21FF65B82002EF10E /* src */ = {
			isa = PBXGroup;
			children = (
				092204F31FF65B82002EF10E /* Main.js */,
				092204F41FF65B82002EF10E /* modules */,
			);
			path = src;
			sourceTree = "<group>";
		};
		092204F41FF65B82002EF10E /* modules */ = {
			isa = PBXGroup;
			children = (
				092204F51FF65B82002EF10E /* statistics */,
			);
			path = modules;
			sourceTree = "<group>";
		};
		092204F51FF65B82002EF10E /* statistics */ = {
			isa = PBXGroup;
			children = (
				092204F61FF65B82002EF10E /* DIR.js */,
			);
			path = statistics;
			sourceTree = "<group>";
		};
		092204F71FF65B82002EF10E /* ga */ = {
			isa = PBXGroup;
			children = (
				092204F81FF65B82002EF10E /* cnzz 说明 */,
				092204F91FF65B82002EF10E /* cnzz.min.js */,
				092204FA1FF65B82002EF10E /* ga.js */,
			);
			path = ga;
			sourceTree = "<group>";
		};
		092204FB1FF65B82002EF10E /* gsTween */ = {
			isa = PBXGroup;
			children = (
				092204FC1FF65B82002EF10E /* bin */,
				092204FF1FF65B82002EF10E /* gsTween.d.js */,
				092205001FF65B82002EF10E /* gsTween.d.ts */,
				092205011FF65B82002EF10E /* package.json */,
				092205021FF65B82002EF10E /* TimelineLite.js */,
				092205031FF65B82002EF10E /* TimelineLite.min.js */,
				092205041FF65B82002EF10E /* tsconfig.json */,
				092205051FF65B82002EF10E /* TweenLite.js */,
				092205061FF65B82002EF10E /* TweenLite.min.js */,
			);
			path = gsTween;
			sourceTree = "<group>";
		};
		092204FC1FF65B82002EF10E /* bin */ = {
			isa = PBXGroup;
			children = (
				092204FD1FF65B82002EF10E /* gsTween.js */,
				092204FE1FF65B82002EF10E /* gsTween.min.js */,
			);
			path = bin;
			sourceTree = "<group>";
		};
		092205081FF65B82002EF10E /* libs */ = {
			isa = PBXGroup;
			children = (
				092205091FF65B82002EF10E /* custom */,
				0922050A1FF65B82002EF10E /* modules */,
			);
			path = libs;
			sourceTree = "<group>";
		};
		092205091FF65B82002EF10E /* custom */ = {
			isa = PBXGroup;
			children = (
			);
			path = custom;
			sourceTree = "<group>";
		};
		0922050A1FF65B82002EF10E /* modules */ = {
			isa = PBXGroup;
			children = (
				0922050B1FF65B82002EF10E /* egret */,
				092205111FF65B82002EF10E /* game */,
				092205151FF65B82002EF10E /* res */,
				092205191FF65B82002EF10E /* tween */,
			);
			path = modules;
			sourceTree = "<group>";
		};
		0922050B1FF65B82002EF10E /* egret */ = {
			isa = PBXGroup;
			children = (
				0922050C1FF65B82002EF10E /* egret.d.ts */,
				0922050D1FF65B82002EF10E /* egret.js */,
				0922050E1FF65B82002EF10E /* egret.min.js */,
				0922050F1FF65B82002EF10E /* egret.web.js */,
				092205101FF65B82002EF10E /* egret.web.min.js */,
			);
			path = egret;
			sourceTree = "<group>";
		};
		092205111FF65B82002EF10E /* game */ = {
			isa = PBXGroup;
			children = (
				092205121FF65B82002EF10E /* game.d.ts */,
				092205131FF65B82002EF10E /* game.js */,
				092205141FF65B82002EF10E /* game.min.js */,
			);
			path = game;
			sourceTree = "<group>";
		};
		092205151FF65B82002EF10E /* res */ = {
			isa = PBXGroup;
			children = (
				092205161FF65B82002EF10E /* res.d.ts */,
				092205171FF65B82002EF10E /* res.js */,
				092205181FF65B82002EF10E /* res.min.js */,
			);
			path = res;
			sourceTree = "<group>";
		};
		092205191FF65B82002EF10E /* tween */ = {
			isa = PBXGroup;
			children = (
				0922051A1FF65B82002EF10E /* tween.d.ts */,
				0922051B1FF65B82002EF10E /* tween.js */,
				0922051C1FF65B82002EF10E /* tween.min.js */,
			);
			path = tween;
			sourceTree = "<group>";
		};
		0922051E1FF65B82002EF10E /* promise */ = {
			isa = PBXGroup;
			children = (
				0922051F1FF65B82002EF10E /* bin */,
			);
			path = promise;
			sourceTree = "<group>";
		};
		0922051F1FF65B82002EF10E /* bin */ = {
			isa = PBXGroup;
			children = (
				092205201FF65B82002EF10E /* promise.js */,
				092205211FF65B82002EF10E /* promise.min.js */,
			);
			path = bin;
			sourceTree = "<group>";
		};
		092205221FF65B82002EF10E /* resource */ = {
			isa = PBXGroup;
			children = (
				092205231FF65B82002EF10E /* assets */,
				0922053B1FF65B82002EF10E /* config */,
				0922053C1FF65B82002EF10E /* default.res.json */,
			);
			path = resource;
			sourceTree = "<group>";
		};
		092205231FF65B82002EF10E /* assets */ = {
			isa = PBXGroup;
			children = (
				092205241FF65B82002EF10E /* boom.json */,
				092205251FF65B82002EF10E /* boom.png */,
				092205261FF65B82002EF10E /* boom_mc.json */,
				092205271FF65B82002EF10E /* boss_ac1.json */,
				092205281FF65B82002EF10E /* boss_ac1.png */,
				092205291FF65B82002EF10E /* boss_ac2.json */,
				0922052A1FF65B82002EF10E /* boss_ac2.png */,
				0922052B1FF65B82002EF10E /* elems.json */,
				0922052C1FF65B82002EF10E /* elems.png */,
				0922052D1FF65B82002EF10E /* end_title.png */,
				0922052E1FF65B82002EF10E /* explo.json */,
				0922052F1FF65B82002EF10E /* explo.png */,
				092205301FF65B82002EF10E /* font.fnt */,
				092205311FF65B82002EF10E /* font.png */,
				092205321FF65B82002EF10E /* game_scene.jpg */,
				092205331FF65B82002EF10E /* hx1.json */,
				092205341FF65B82002EF10E /* hx1.png */,
				092205351FF65B82002EF10E /* loading.json */,
				092205361FF65B82002EF10E /* loading.png */,
				092205371FF65B82002EF10E /* panel2.png */,
				092205381FF65B82002EF10E /* ui.json */,
				092205391FF65B82002EF10E /* ui.png */,
				0922053A1FF65B82002EF10E /* wellcom.jpg */,
			);
			path = assets;
			sourceTree = "<group>";
		};
		0922053B1FF65B82002EF10E /* config */ = {
			isa = PBXGroup;
			children = (
			);
			path = config;
			sourceTree = "<group>";
		};
/* End PBXGroup section */

/* Begin PBXNativeTarget section */
		0922047F1FF65B6E002EF10E /* webDemo */ = {
			isa = PBXNativeTarget;
			buildConfigurationList = 092204AC1FF65B6E002EF10E /* Build configuration list for PBXNativeTarget "webDemo" */;
			buildPhases = (
				0922047C1FF65B6E002EF10E /* Sources */,
				0922047D1FF65B6E002EF10E /* Frameworks */,
				0922047E1FF65B6E002EF10E /* Resources */,
			);
			buildRules = (
			);
			dependencies = (
			);
			name = webDemo;
			productName = webDemo;
			productReference = 092204801FF65B6E002EF10E /* webDemo.app */;
			productType = "com.apple.product-type.application";
		};
		092204971FF65B6E002EF10E /* webDemoTests */ = {
			isa = PBXNativeTarget;
			buildConfigurationList = 092204AF1FF65B6E002EF10E /* Build configuration list for PBXNativeTarget "webDemoTests" */;
			buildPhases = (
				092204941FF65B6E002EF10E /* Sources */,
				092204951FF65B6E002EF10E /* Frameworks */,
				092204961FF65B6E002EF10E /* Resources */,
			);
			buildRules = (
			);
			dependencies = (
				0922049A1FF65B6E002EF10E /* PBXTargetDependency */,
			);
			name = webDemoTests;
			productName = webDemoTests;
			productReference = 092204981FF65B6E002EF10E /* webDemoTests.xctest */;
			productType = "com.apple.product-type.bundle.unit-test";
		};
		092204A21FF65B6E002EF10E /* webDemoUITests */ = {
			isa = PBXNativeTarget;
			buildConfigurationList = 092204B21FF65B6E002EF10E /* Build configuration list for PBXNativeTarget "webDemoUITests" */;
			buildPhases = (
				0922049F1FF65B6E002EF10E /* Sources */,
				092204A01FF65B6E002EF10E /* Frameworks */,
				092204A11FF65B6E002EF10E /* Resources */,
			);
			buildRules = (
			);
			dependencies = (
				092204A51FF65B6E002EF10E /* PBXTargetDependency */,
			);
			name = webDemoUITests;
			productName = webDemoUITests;
			productReference = 092204A31FF65B6E002EF10E /* webDemoUITests.xctest */;
			productType = "com.apple.product-type.bundle.ui-testing";
		};
/* End PBXNativeTarget section */

/* Begin PBXProject section */
		092204781FF65B6E002EF10E /* Project object */ = {
			isa = PBXProject;
			attributes = {
				LastUpgradeCheck = 0920;
				ORGANIZATIONNAME = wengxianxun;
				TargetAttributes = {
					0922047F1FF65B6E002EF10E = {
						CreatedOnToolsVersion = 9.2;
						ProvisioningStyle = Automatic;
					};
					092204971FF65B6E002EF10E = {
						CreatedOnToolsVersion = 9.2;
						ProvisioningStyle = Automatic;
						TestTargetID = 0922047F1FF65B6E002EF10E;
					};
					092204A21FF65B6E002EF10E = {
						CreatedOnToolsVersion = 9.2;
						ProvisioningStyle = Automatic;
						TestTargetID = 0922047F1FF65B6E002EF10E;
					};
				};
			};
			buildConfigurationList = 0922047B1FF65B6E002EF10E /* Build configuration list for PBXProject "webDemo" */;
			compatibilityVersion = "Xcode 8.0";
			developmentRegion = en;
			hasScannedForEncodings = 0;
			knownRegions = (
				en,
				Base,
			);
			mainGroup = 092204771FF65B6E002EF10E;
			productRefGroup = 092204811FF65B6E002EF10E /* Products */;
			projectDirPath = "";
			projectRoot = "";
			targets = (
				0922047F1FF65B6E002EF10E /* webDemo */,
				092204971FF65B6E002EF10E /* webDemoTests */,
				092204A21FF65B6E002EF10E /* webDemoUITests */,
			);
		};
/* End PBXProject section */

/* Begin PBXResourcesBuildPhase section */
		0922047E1FF65B6E002EF10E /* Resources */ = {
			isa = PBXResourcesBuildPhase;
			buildActionMask = 2147483647;
			files = (
				092205611FF65B83002EF10E /* Mc.js in Resources */,
				0922056A1FF65B83002EF10E /* cnzz 说明 in Resources */,
				092205921FF65B83002EF10E /* end_title.png in Resources */,
				092205911FF65B83002EF10E /* elems.png in Resources */,
				0922058A1FF65B83002EF10E /* boom.png in Resources */,
				0922055D1FF65B83002EF10E /* Button.js in Resources */,
				092205931FF65B83002EF10E /* explo.json in Resources */,
				092205421FF65B83002EF10E /* gsTween.js in Resources */,
				092205981FF65B83002EF10E /* hx1.json in Resources */,
				0922059F1FF65B83002EF10E /* wellcom.jpg in Resources */,
				0922054A1FF65B83002EF10E /* Node.js in Resources */,
				0922054E1FF65B83002EF10E /* GuideUI.js in Resources */,
				092205661FF65B83002EF10E /* extFn.js in Resources */,
				092205821FF65B83002EF10E /* res.min.js in Resources */,
				092205441FF65B83002EF10E /* Main.js in Resources */,
				0922057C1FF65B83002EF10E /* egret.web.min.js in Resources */,
				092205961FF65B83002EF10E /* font.png in Resources */,
				092205A01FF65B83002EF10E /* default.res.json in Resources */,
				0922057E1FF65B83002EF10E /* game.js in Resources */,
				0922058E1FF65B83002EF10E /* boss_ac2.json in Resources */,
				0922054D1FF65B83002EF10E /* GameScene.js in Resources */,
				092205971FF65B83002EF10E /* game_scene.jpg in Resources */,
				0922059B1FF65B83002EF10E /* loading.png in Resources */,
				0922059D1FF65B83002EF10E /* ui.json in Resources */,
				0922056C1FF65B83002EF10E /* ga.js in Resources */,
				0922059A1FF65B83002EF10E /* loading.json in Resources */,
				0922056E1FF65B83002EF10E /* gsTween.min.js in Resources */,
				092205891FF65B83002EF10E /* boom.json in Resources */,
				0922056B1FF65B83002EF10E /* cnzz.min.js in Resources */,
				092205551FF65B83002EF10E /* PropManager.js in Resources */,
				092205521FF65B83002EF10E /* ElimateRand.js in Resources */,
				092205631FF65B83002EF10E /* Text.js in Resources */,
				092205831FF65B83002EF10E /* tween.d.ts in Resources */,
				0922059C1FF65B83002EF10E /* panel2.png in Resources */,
				092205561FF65B83002EF10E /* ResultScene.js in Resources */,
				092205941FF65B83002EF10E /* explo.png in Resources */,
				0922059E1FF65B83002EF10E /* ui.png in Resources */,
				0922055B1FF65B83002EF10E /* LibConf.js in Resources */,
				092205801FF65B83002EF10E /* res.d.ts in Resources */,
				092205491FF65B83002EF10E /* GameTimer.js in Resources */,
				092205531FF65B83002EF10E /* ElimateV.js in Resources */,
				092205581FF65B83002EF10E /* DIR.js in Resources */,
				0922057B1FF65B83002EF10E /* egret.web.js in Resources */,
				092205691FF65B83002EF10E /* DIR.js in Resources */,
				092205671FF65B83002EF10E /* Queue.js in Resources */,
				092205681FF65B83002EF10E /* Main.js in Resources */,
				0922053F1FF65B83002EF10E /* ExtraAttr.js in Resources */,
				092205411FF65B83002EF10E /* keybordDebug.js in Resources */,
				092205901FF65B83002EF10E /* elems.json in Resources */,
				092205641FF65B83002EF10E /* Bezier.js in Resources */,
				092205871FF65B83002EF10E /* promise.js in Resources */,
				092204901FF65B6E002EF10E /* LaunchScreen.storyboard in Resources */,
				0922056D1FF65B83002EF10E /* gsTween.js in Resources */,
				0922057D1FF65B83002EF10E /* game.d.ts in Resources */,
				0922054B1FF65B83002EF10E /* ElimateScene.js in Resources */,
				0922055E1FF65B83002EF10E /* ExtendRES.js in Resources */,
				0922056F1FF65B83002EF10E /* gsTween.d.js in Resources */,
				092205881FF65B83002EF10E /* promise.min.js in Resources */,
				0922058B1FF65B83002EF10E /* boom_mc.json in Resources */,
				092205721FF65B83002EF10E /* TimelineLite.js in Resources */,
				0922054C1FF65B83002EF10E /* PropTouch.js in Resources */,
				0922058C1FF65B83002EF10E /* boss_ac1.json in Resources */,
				092205851FF65B83002EF10E /* tween.min.js in Resources */,
				092205731FF65B83002EF10E /* TimelineLite.min.js in Resources */,
				092205461FF65B83002EF10E /* BOSS.js in Resources */,
				0922048D1FF65B6E002EF10E /* Assets.xcassets in Resources */,
				0922058D1FF65B83002EF10E /* boss_ac1.png in Resources */,
				092205401FF65B83002EF10E /* global.js in Resources */,
				0922048B1FF65B6E002EF10E /* Main.storyboard in Resources */,
				092205811FF65B83002EF10E /* res.js in Resources */,
				092205781FF65B83002EF10E /* egret.d.ts in Resources */,
				0922055C1FF65B83002EF10E /* BitText.js in Resources */,
				092205481FF65B83002EF10E /* Elem.js in Resources */,
				0922053D1FF65B83002EF10E /* ElemStatus.js in Resources */,
				092205841FF65B83002EF10E /* tween.js in Resources */,
				0922057F1FF65B83002EF10E /* game.min.js in Resources */,
				092205791FF65B83002EF10E /* egret.js in Resources */,
				0922053E1FF65B83002EF10E /* ElemType.js in Resources */,
				092205711FF65B83002EF10E /* package.json in Resources */,
				092205601FF65B83002EF10E /* Layout.js in Resources */,
				092205761FF65B83002EF10E /* TweenLite.min.js in Resources */,
				092205751FF65B83002EF10E /* TweenLite.js in Resources */,
				092205991FF65B83002EF10E /* hx1.png in Resources */,
				092205591FF65B83002EF10E /* DIREvent.js in Resources */,
				092205431FF65B83002EF10E /* LoadingUI.js in Resources */,
				0922054F1FF65B83002EF10E /* LoadingBar.js in Resources */,
				0922055F1FF65B83002EF10E /* Img.js in Resources */,
				092205451FF65B83002EF10E /* BloodBar.js in Resources */,
				092205651FF65B83002EF10E /* CallFn.js in Resources */,
				0922058F1FF65B83002EF10E /* boss_ac2.png in Resources */,
				092205701FF65B83002EF10E /* gsTween.d.ts in Resources */,
				092205771FF65B83002EF10E /* index.html in Resources */,
				092205621FF65B83002EF10E /* Painter.js in Resources */,
				092205501FF65B83002EF10E /* Boom.js in Resources */,
				092205541FF65B83002EF10E /* Prop.js in Resources */,
				092205741FF65B83002EF10E /* tsconfig.json in Resources */,
				092205861FF65B83002EF10E /* manifest.json in Resources */,
				0922057A1FF65B83002EF10E /* egret.min.js in Resources */,
				092205571FF65B83002EF10E /* Scene.js in Resources */,
				0922055A1FF65B83002EF10E /* DIRinit.js in Resources */,
				092205951FF65B83002EF10E /* font.fnt in Resources */,
				092205471FF65B83002EF10E /* EffectPool.js in Resources */,
				092205511FF65B83002EF10E /* ElimateH.js in Resources */,
			);
			runOnlyForDeploymentPostprocessing = 0;
		};
		092204961FF65B6E002EF10E /* Resources */ = {
			isa = PBXResourcesBuildPhase;
			buildActionMask = 2147483647;
			files = (
			);
			runOnlyForDeploymentPostprocessing = 0;
		};
		092204A11FF65B6E002EF10E /* Resources */ = {
			isa = PBXResourcesBuildPhase;
			buildActionMask = 2147483647;
			files = (
			);
			runOnlyForDeploymentPostprocessing = 0;
		};
/* End PBXResourcesBuildPhase section */

/* Begin PBXSourcesBuildPhase section */
		0922047C1FF65B6E002EF10E /* Sources */ = {
			isa = PBXSourcesBuildPhase;
			buildActionMask = 2147483647;
			files = (
				092204881FF65B6E002EF10E /* ViewController.m in Sources */,
				092204931FF65B6E002EF10E /* main.m in Sources */,
				092204851FF65B6E002EF10E /* AppDelegate.m in Sources */,
			);
			runOnlyForDeploymentPostprocessing = 0;
		};
		092204941FF65B6E002EF10E /* Sources */ = {
			isa = PBXSourcesBuildPhase;
			buildActionMask = 2147483647;
			files = (
				0922049D1FF65B6E002EF10E /* webDemoTests.m in Sources */,
			);
			runOnlyForDeploymentPostprocessing = 0;
		};
		0922049F1FF65B6E002EF10E /* Sources */ = {
			isa = PBXSourcesBuildPhase;
			buildActionMask = 2147483647;
			files = (
				092204A81FF65B6E002EF10E /* webDemoUITests.m in Sources */,
			);
			runOnlyForDeploymentPostprocessing = 0;
		};
/* End PBXSourcesBuildPhase section */

/* Begin PBXTargetDependency section */
		0922049A1FF65B6E002EF10E /* PBXTargetDependency */ = {
			isa = PBXTargetDependency;
			target = 0922047F1FF65B6E002EF10E /* webDemo */;
			targetProxy = 092204991FF65B6E002EF10E /* PBXContainerItemProxy */;
		};
		092204A51FF65B6E002EF10E /* PBXTargetDependency */ = {
			isa = PBXTargetDependency;
			target = 0922047F1FF65B6E002EF10E /* webDemo */;
			targetProxy = 092204A41FF65B6E002EF10E /* PBXContainerItemProxy */;
		};
/* End PBXTargetDependency section */

/* Begin PBXVariantGroup section */
		092204891FF65B6E002EF10E /* Main.storyboard */ = {
			isa = PBXVariantGroup;
			children = (
				0922048A1FF65B6E002EF10E /* Base */,
			);
			name = Main.storyboard;
			sourceTree = "<group>";
		};
		0922048E1FF65B6E002EF10E /* LaunchScreen.storyboard */ = {
			isa = PBXVariantGroup;
			children = (
				0922048F1FF65B6E002EF10E /* Base */,
			);
			name = LaunchScreen.storyboard;
			sourceTree = "<group>";
		};
/* End PBXVariantGroup section */

/* Begin XCBuildConfiguration section */
		092204AA1FF65B6E002EF10E /* Debug */ = {
			isa = XCBuildConfiguration;
			buildSettings = {
				ALWAYS_SEARCH_USER_PATHS = NO;
				CLANG_ANALYZER_NONNULL = YES;
				CLANG_ANALYZER_NUMBER_OBJECT_CONVERSION = YES_AGGRESSIVE;
				CLANG_CXX_LANGUAGE_STANDARD = "gnu++14";
				CLANG_CXX_LIBRARY = "libc++";
				CLANG_ENABLE_MODULES = YES;
				CLANG_ENABLE_OBJC_ARC = YES;
				CLANG_WARN_BLOCK_CAPTURE_AUTORELEASING = YES;
				CLANG_WARN_BOOL_CONVERSION = YES;
				CLANG_WARN_COMMA = YES;
				CLANG_WARN_CONSTANT_CONVERSION = YES;
				CLANG_WARN_DIRECT_OBJC_ISA_USAGE = YES_ERROR;
				CLANG_WARN_DOCUMENTATION_COMMENTS = YES;
				CLANG_WARN_EMPTY_BODY = YES;
				CLANG_WARN_ENUM_CONVERSION = YES;
				CLANG_WARN_INFINITE_RECURSION = YES;
				CLANG_WARN_INT_CONVERSION = YES;
				CLANG_WARN_NON_LITERAL_NULL_CONVERSION = YES;
				CLANG_WARN_OBJC_LITERAL_CONVERSION = YES;
				CLANG_WARN_OBJC_ROOT_CLASS = YES_ERROR;
				CLANG_WARN_RANGE_LOOP_ANALYSIS = YES;
				CLANG_WARN_STRICT_PROTOTYPES = YES;
				CLANG_WARN_SUSPICIOUS_MOVE = YES;
				CLANG_WARN_UNGUARDED_AVAILABILITY = YES_AGGRESSIVE;
				CLANG_WARN_UNREACHABLE_CODE = YES;
				CLANG_WARN__DUPLICATE_METHOD_MATCH = YES;
				CODE_SIGN_IDENTITY = "iPhone Developer";
				COPY_PHASE_STRIP = NO;
				DEBUG_INFORMATION_FORMAT = dwarf;
				ENABLE_STRICT_OBJC_MSGSEND = YES;
				ENABLE_TESTABILITY = YES;
				GCC_C_LANGUAGE_STANDARD = gnu11;
				GCC_DYNAMIC_NO_PIC = NO;
				GCC_NO_COMMON_BLOCKS = YES;
				GCC_OPTIMIZATION_LEVEL = 0;
				GCC_PREPROCESSOR_DEFINITIONS = (
					"DEBUG=1",
					"$(inherited)",
				);
				GCC_WARN_64_TO_32_BIT_CONVERSION = YES;
				GCC_WARN_ABOUT_RETURN_TYPE = YES_ERROR;
				GCC_WARN_UNDECLARED_SELECTOR = YES;
				GCC_WARN_UNINITIALIZED_AUTOS = YES_AGGRESSIVE;
				GCC_WARN_UNUSED_FUNCTION = YES;
				GCC_WARN_UNUSED_VARIABLE = YES;
				IPHONEOS_DEPLOYMENT_TARGET = 11.2;
				MTL_ENABLE_DEBUG_INFO = YES;
				ONLY_ACTIVE_ARCH = YES;
				SDKROOT = iphoneos;
			};
			name = Debug;
		};
		092204AB1FF65B6E002EF10E /* Release */ = {
			isa = XCBuildConfiguration;
			buildSettings = {
				ALWAYS_SEARCH_USER_PATHS = NO;
				CLANG_ANALYZER_NONNULL = YES;
				CLANG_ANALYZER_NUMBER_OBJECT_CONVERSION = YES_AGGRESSIVE;
				CLANG_CXX_LANGUAGE_STANDARD = "gnu++14";
				CLANG_CXX_LIBRARY = "libc++";
				CLANG_ENABLE_MODULES = YES;
				CLANG_ENABLE_OBJC_ARC = YES;
				CLANG_WARN_BLOCK_CAPTURE_AUTORELEASING = YES;
				CLANG_WARN_BOOL_CONVERSION = YES;
				CLANG_WARN_COMMA = YES;
				CLANG_WARN_CONSTANT_CONVERSION = YES;
				CLANG_WARN_DIRECT_OBJC_ISA_USAGE = YES_ERROR;
				CLANG_WARN_DOCUMENTATION_COMMENTS = YES;
				CLANG_WARN_EMPTY_BODY = YES;
				CLANG_WARN_ENUM_CONVERSION = YES;
				CLANG_WARN_INFINITE_RECURSION = YES;
				CLANG_WARN_INT_CONVERSION = YES;
				CLANG_WARN_NON_LITERAL_NULL_CONVERSION = YES;
				CLANG_WARN_OBJC_LITERAL_CONVERSION = YES;
				CLANG_WARN_OBJC_ROOT_CLASS = YES_ERROR;
				CLANG_WARN_RANGE_LOOP_ANALYSIS = YES;
				CLANG_WARN_STRICT_PROTOTYPES = YES;
				CLANG_WARN_SUSPICIOUS_MOVE = YES;
				CLANG_WARN_UNGUARDED_AVAILABILITY = YES_AGGRESSIVE;
				CLANG_WARN_UNREACHABLE_CODE = YES;
				CLANG_WARN__DUPLICATE_METHOD_MATCH = YES;
				CODE_SIGN_IDENTITY = "iPhone Developer";
				COPY_PHASE_STRIP = NO;
				DEBUG_INFORMATION_FORMAT = "dwarf-with-dsym";
				ENABLE_NS_ASSERTIONS = NO;
				ENABLE_STRICT_OBJC_MSGSEND = YES;
				GCC_C_LANGUAGE_STANDARD = gnu11;
				GCC_NO_COMMON_BLOCKS = YES;
				GCC_WARN_64_TO_32_BIT_CONVERSION = YES;
				GCC_WARN_ABOUT_RETURN_TYPE = YES_ERROR;
				GCC_WARN_UNDECLARED_SELECTOR = YES;
				GCC_WARN_UNINITIALIZED_AUTOS = YES_AGGRESSIVE;
				GCC_WARN_UNUSED_FUNCTION = YES;
				GCC_WARN_UNUSED_VARIABLE = YES;
				IPHONEOS_DEPLOYMENT_TARGET = 11.2;
				MTL_ENABLE_DEBUG_INFO = NO;
				SDKROOT = iphoneos;
				VALIDATE_PRODUCT = YES;
			};
			name = Release;
		};
		092204AD1FF65B6E002EF10E /* Debug */ = {
			isa = XCBuildConfiguration;
			buildSettings = {
				ASSETCATALOG_COMPILER_APPICON_NAME = AppIcon;
				CODE_SIGN_STYLE = Automatic;
				DEVELOPMENT_TEAM = 4J463NHQ74;
				INFOPLIST_FILE = webDemo/Info.plist;
				LD_RUNPATH_SEARCH_PATHS = "$(inherited) @executable_path/Frameworks";
				PRODUCT_BUNDLE_IDENTIFIER = xx.webDemo;
				PRODUCT_NAME = "$(TARGET_NAME)";
				TARGETED_DEVICE_FAMILY = "1,2";
			};
			name = Debug;
		};
		092204AE1FF65B6E002EF10E /* Release */ = {
			isa = XCBuildConfiguration;
			buildSettings = {
				ASSETCATALOG_COMPILER_APPICON_NAME = AppIcon;
				CODE_SIGN_STYLE = Automatic;
				DEVELOPMENT_TEAM = 4J463NHQ74;
				INFOPLIST_FILE = webDemo/Info.plist;
				LD_RUNPATH_SEARCH_PATHS = "$(inherited) @executable_path/Frameworks";
				PRODUCT_BUNDLE_IDENTIFIER = xx.webDemo;
				PRODUCT_NAME = "$(TARGET_NAME)";
				TARGETED_DEVICE_FAMILY = "1,2";
			};
			name = Release;
		};
		092204B01FF65B6E002EF10E /* Debug */ = {
			isa = XCBuildConfiguration;
			buildSettings = {
				BUNDLE_LOADER = "$(TEST_HOST)";
				CODE_SIGN_STYLE = Automatic;
				DEVELOPMENT_TEAM = 4J463NHQ74;
				INFOPLIST_FILE = webDemoTests/Info.plist;
				LD_RUNPATH_SEARCH_PATHS = "$(inherited) @executable_path/Frameworks @loader_path/Frameworks";
				PRODUCT_BUNDLE_IDENTIFIER = xx.webDemoTests;
				PRODUCT_NAME = "$(TARGET_NAME)";
				TARGETED_DEVICE_FAMILY = "1,2";
				TEST_HOST = "$(BUILT_PRODUCTS_DIR)/webDemo.app/webDemo";
			};
			name = Debug;
		};
		092204B11FF65B6E002EF10E /* Release */ = {
			isa = XCBuildConfiguration;
			buildSettings = {
				BUNDLE_LOADER = "$(TEST_HOST)";
				CODE_SIGN_STYLE = Automatic;
				DEVELOPMENT_TEAM = 4J463NHQ74;
				INFOPLIST_FILE = webDemoTests/Info.plist;
				LD_RUNPATH_SEARCH_PATHS = "$(inherited) @executable_path/Frameworks @loader_path/Frameworks";
				PRODUCT_BUNDLE_IDENTIFIER = xx.webDemoTests;
				PRODUCT_NAME = "$(TARGET_NAME)";
				TARGETED_DEVICE_FAMILY = "1,2";
				TEST_HOST = "$(BUILT_PRODUCTS_DIR)/webDemo.app/webDemo";
			};
			name = Release;
		};
		092204B31FF65B6E002EF10E /* Debug */ = {
			isa = XCBuildConfiguration;
			buildSettings = {
				CODE_SIGN_STYLE = Automatic;
				DEVELOPMENT_TEAM = 4J463NHQ74;
				INFOPLIST_FILE = webDemoUITests/Info.plist;
				LD_RUNPATH_SEARCH_PATHS = "$(inherited) @executable_path/Frameworks @loader_path/Frameworks";
				PRODUCT_BUNDLE_IDENTIFIER = xx.webDemoUITests;
				PRODUCT_NAME = "$(TARGET_NAME)";
				TARGETED_DEVICE_FAMILY = "1,2";
				TEST_TARGET_NAME = webDemo;
			};
			name = Debug;
		};
		092204B41FF65B6E002EF10E /* Release */ = {
			isa = XCBuildConfiguration;
			buildSettings = {
				CODE_SIGN_STYLE = Automatic;
				DEVELOPMENT_TEAM = 4J463NHQ74;
				INFOPLIST_FILE = webDemoUITests/Info.plist;
				LD_RUNPATH_SEARCH_PATHS = "$(inherited) @executable_path/Frameworks @loader_path/Frameworks";
				PRODUCT_BUNDLE_IDENTIFIER = xx.webDemoUITests;
				PRODUCT_NAME = "$(TARGET_NAME)";
				TARGETED_DEVICE_FAMILY = "1,2";
				TEST_TARGET_NAME = webDemo;
			};
			name = Release;
		};
/* End XCBuildConfiguration section */

/* Begin XCConfigurationList section */
		0922047B1FF65B6E002EF10E /* Build configuration list for PBXProject "webDemo" */ = {
			isa = XCConfigurationList;
			buildConfigurations = (
				092204AA1FF65B6E002EF10E /* Debug */,
				092204AB1FF65B6E002EF10E /* Release */,
			);
			defaultConfigurationIsVisible = 0;
			defaultConfigurationName = Release;
		};
		092204AC1FF65B6E002EF10E /* Build configuration list for PBXNativeTarget "webDemo" */ = {
			isa = XCConfigurationList;
			buildConfigurations = (
				092204AD1FF65B6E002EF10E /* Debug */,
				092204AE1FF65B6E002EF10E /* Release */,
			);
			defaultConfigurationIsVisible = 0;
			defaultConfigurationName = Release;
		};
		092204AF1FF65B6E002EF10E /* Build configuration list for PBXNativeTarget "webDemoTests" */ = {
			isa = XCConfigurationList;
			buildConfigurations = (
				092204B01FF65B6E002EF10E /* Debug */,
				092204B11FF65B6E002EF10E /* Release */,
			);
			defaultConfigurationIsVisible = 0;
			defaultConfigurationName = Release;
		};
		092204B21FF65B6E002EF10E /* Build configuration list for PBXNativeTarget "webDemoUITests" */ = {
			isa = XCConfigurationList;
			buildConfigurations = (
				092204B31FF65B6E002EF10E /* Debug */,
				092204B41FF65B6E002EF10E /* Release */,
			);
			defaultConfigurationIsVisible = 0;
			defaultConfigurationName = Release;
		};
/* End XCConfigurationList section */
	};
	rootObject = 092204781FF65B6E002EF10E /* Project object */;
}
